# This is a Gradle generated file for dependency locking.
# Manual edits can break the build and are not advised.
# This file is expected to be part of source control.
com.fasterxml.jackson.core:jackson-annotations:2.13.2=compileClasspath,runtimeClasspath,testCompileClasspath,testRuntimeClasspath
com.fasterxml.jackson.core:jackson-core:2.13.2=compileClasspath,runtimeClasspath,testCompileClasspath,testRuntimeClasspath
com.fasterxml.jackson.core:jackson-databind:2.13.2=compileClasspath,runtimeClasspath,testCompileClasspath,testRuntimeClasspath
com.fasterxml.jackson.dataformat:jackson-dataformat-xml:2.13.2=runtimeClasspath,testRuntimeClasspath
com.fasterxml.jackson.datatype:jackson-datatype-jdk8:2.13.2=compileClasspath,runtimeClasspath,testCompileClasspath,testRuntimeClasspath
com.fasterxml.jackson.datatype:jackson-datatype-jsr310:2.13.2=compileClasspath,runtimeClasspath,testCompileClasspath,testRuntimeClasspath
com.fasterxml.jackson.jaxrs:jackson-jaxrs-base:2.13.2=testCompileClasspath,testRuntimeClasspath
com.fasterxml.jackson.jaxrs:jackson-jaxrs-json-provider:2.13.2=testCompileClasspath,testRuntimeClasspath
com.fasterxml.jackson.module:jackson-module-jaxb-annotations:2.13.2=testCompileClasspath,testRuntimeClasspath
com.fasterxml.jackson.module:jackson-module-kotlin:2.13.2=runtimeClasspath,testCompileClasspath,testRuntimeClasspath
com.fasterxml.jackson:jackson-bom:2.13.2=compileClasspath,runtimeClasspath,testCompileClasspath,testRuntimeClasspath
com.fasterxml.woodstox:woodstox-core:6.2.7=runtimeClasspath,testRuntimeClasspath
com.flextrade.jfixture:jfixture:2.7.2=testCompileClasspath,testRuntimeClasspath
com.github.ben-manes.caffeine:caffeine:2.8.5=testCompileClasspath,testRuntimeClasspath
com.github.jbellis:jamm:0.3.3=testCompileClasspath,testRuntimeClasspath
com.github.luben:zstd-jni:1.4.5-6=testCompileClasspath,testRuntimeClasspath
com.google.code.findbugs:jsr305:3.0.2=kapt,kaptTest
com.google.code.gson:gson:2.3.1=testCompileClasspath,testRuntimeClasspath
com.google.dagger:dagger-compiler:2.37=kapt,kaptTest
com.google.dagger:dagger-producers:2.37=kapt,kaptTest
com.google.dagger:dagger-spi:2.37=kapt,kaptTest
com.google.dagger:dagger:2.37=compileClasspath,kapt,kaptTest,runtimeClasspath,testCompileClasspath,testRuntimeClasspath
com.google.errorprone:error_prone_annotations:2.2.0=kapt,kaptTest
com.google.errorprone:javac-shaded:9-dev-r4023-3=kapt,kaptTest
com.google.googlejavaformat:google-java-format:1.5=kapt,kaptTest
com.google.guava:failureaccess:1.0.1=kapt,kaptTest
com.google.guava:guava:17.0=testCompileClasspath,testRuntimeClasspath
com.google.guava:guava:27.1-jre=kapt,kaptTest
com.google.guava:listenablefuture:9999.0-empty-to-avoid-conflict-with-guava=kapt,kaptTest
com.google.j2objc:j2objc-annotations:1.1=kapt,kaptTest
com.nhaarman.mockitokotlin2:mockito-kotlin:2.2.0=testCompileClasspath,testRuntimeClasspath
com.profesorfalken:WMI4Java:1.6.3=testCompileClasspath,testRuntimeClasspath
com.profesorfalken:jPowerShell:3.0=testCompileClasspath,testRuntimeClasspath
com.shazam:shazamcrest:0.11=testCompileClasspath,testRuntimeClasspath
com.squareup.okhttp3:okhttp:4.6.0=runtimeClasspath,testRuntimeClasspath
com.squareup.okio:okio:2.6.0=runtimeClasspath,testRuntimeClasspath
com.squareup:javapoet:1.13.0=kapt,kaptTest
com.sun.istack:istack-commons-runtime:3.0.8=testCompileClasspath,testRuntimeClasspath
com.sun.xml.fastinfoset:FastInfoset:1.2.16=testCompileClasspath,testRuntimeClasspath
commons-beanutils:commons-beanutils:1.9.4=testCompileClasspath,testRuntimeClasspath
commons-codec:commons-codec:1.14=testCompileClasspath,testRuntimeClasspath
commons-collections:commons-collections:3.2.2=testCompileClasspath,testRuntimeClasspath
commons-io:commons-io:2.7=testCompileClasspath,testRuntimeClasspath
commons-logging:commons-logging:1.2=testCompileClasspath,testRuntimeClasspath
info.picocli:picocli:4.5.0=testCompileClasspath,testRuntimeClasspath
io.github.classgraph:classgraph:4.8.86=compileClasspath,runtimeClasspath,testCompileClasspath,testRuntimeClasspath
io.ktor:ktor-client-core-jvm:1.6.3=compileClasspath,runtimeClasspath,testCompileClasspath,testRuntimeClasspath
io.ktor:ktor-client-core:1.6.3=runtimeClasspath,testRuntimeClasspath
io.ktor:ktor-client-jackson:1.6.3=runtimeClasspath,testRuntimeClasspath
io.ktor:ktor-client-json-jvm:1.6.3=runtimeClasspath,testRuntimeClasspath
io.ktor:ktor-client-json:1.6.3=runtimeClasspath,testRuntimeClasspath
io.ktor:ktor-client-logging-jvm:1.6.3=runtimeClasspath,testRuntimeClasspath
io.ktor:ktor-client-okhttp:1.6.3=runtimeClasspath,testRuntimeClasspath
io.ktor:ktor-client:1.6.3=runtimeClasspath,testRuntimeClasspath
io.ktor:ktor-http-cio-jvm:1.6.3=compileClasspath,runtimeClasspath,testCompileClasspath,testRuntimeClasspath
io.ktor:ktor-http-cio:1.6.3=compileClasspath,runtimeClasspath,testCompileClasspath,testRuntimeClasspath
io.ktor:ktor-http-jvm:1.6.3=compileClasspath,runtimeClasspath,testCompileClasspath,testRuntimeClasspath
io.ktor:ktor-http:1.6.3=compileClasspath,runtimeClasspath,testCompileClasspath,testRuntimeClasspath
io.ktor:ktor-io-jvm:1.6.3=compileClasspath,runtimeClasspath,testCompileClasspath,testRuntimeClasspath
io.ktor:ktor-io:1.6.3=compileClasspath,runtimeClasspath,testCompileClasspath,testRuntimeClasspath
io.ktor:ktor-network-jvm:1.6.3=compileClasspath,runtimeClasspath,testCompileClasspath,testRuntimeClasspath
io.ktor:ktor-network:1.6.3=compileClasspath,runtimeClasspath,testCompileClasspath,testRuntimeClasspath
io.ktor:ktor-utils-jvm:1.6.3=compileClasspath,runtimeClasspath,testCompileClasspath,testRuntimeClasspath
io.ktor:ktor-utils:1.6.3=compileClasspath,runtimeClasspath,testCompileClasspath,testRuntimeClasspath
io.netty:netty-all:4.1.55.Final=testCompileClasspath,testRuntimeClasspath
io.projectreactor:reactor-core:3.3.9.RELEASE=testCompileClasspath,testRuntimeClasspath
jakarta.activation:jakarta.activation-api:1.2.1=testCompileClasspath,testRuntimeClasspath
jakarta.annotation:jakarta.annotation-api:1.3.5=testCompileClasspath,testRuntimeClasspath
jakarta.validation:jakarta.validation-api:2.0.2=testCompileClasspath,testRuntimeClasspath
jakarta.ws.rs:jakarta.ws.rs-api:2.1.6=testCompileClasspath,testRuntimeClasspath
javax.activation:activation:1.1.1=testCompileClasspath,testRuntimeClasspath
javax.annotation:jsr250-api:1.0=kapt,kaptTest
javax.inject:javax.inject:1=compileClasspath,kapt,kaptTest,runtimeClasspath,testCompileClasspath,testRuntimeClasspath
javax.servlet:javax.servlet-api:3.1.0=testCompileClasspath,testRuntimeClasspath
javax.ws.rs:javax.ws.rs-api:2.1.1=testCompileClasspath,testRuntimeClasspath
javax.xml.bind:jaxb-api:2.3.0=testCompileClasspath,testRuntimeClasspath
junit:junit:4.13=testCompileClasspath,testRuntimeClasspath
net.bytebuddy:byte-buddy-agent:1.10.15=testCompileClasspath,testRuntimeClasspath
net.bytebuddy:byte-buddy:1.10.15=testCompileClasspath,testRuntimeClasspath
net.java.dev.jna:jna:5.6.0=testCompileClasspath,testRuntimeClasspath
net.ltgt.gradle.incap:incap:0.2=kapt,kaptTest
org.apache.commons:commons-compress:1.20=testCompileClasspath,testRuntimeClasspath
org.apache.commons:commons-exec:1.3=testCompileClasspath,testRuntimeClasspath
org.apache.commons:commons-lang3:3.11=testCompileClasspath,testRuntimeClasspath
org.apache.commons:commons-lang3:3.8=compileClasspath,runtimeClasspath
org.apache.commons:commons-text:1.9=testCompileClasspath,testRuntimeClasspath
org.apache.logging.log4j:log4j-api:2.14.1=runtimeClasspath,testRuntimeClasspath
org.apache.logging.log4j:log4j-core:2.14.1=runtimeClasspath,testRuntimeClasspath
org.apache.logging.log4j:log4j-slf4j-impl:2.14.1=runtimeClasspath,testRuntimeClasspath
org.apache.lucene:lucene-analyzers-common:8.5.1=testCompileClasspath,testRuntimeClasspath
org.apache.lucene:lucene-backward-codecs:8.5.1=testCompileClasspath,testRuntimeClasspath
org.apache.lucene:lucene-core:8.5.1=testCompileClasspath,testRuntimeClasspath
org.apache.lucene:lucene-queryparser:8.5.1=testCompileClasspath,testRuntimeClasspath
org.apache.shiro:shiro-cache:1.7.1=testCompileClasspath,testRuntimeClasspath
org.apache.shiro:shiro-config-core:1.7.1=testCompileClasspath,testRuntimeClasspath
org.apache.shiro:shiro-config-ogdl:1.7.1=testCompileClasspath,testRuntimeClasspath
org.apache.shiro:shiro-core:1.7.1=testCompileClasspath,testRuntimeClasspath
org.apache.shiro:shiro-crypto-cipher:1.7.1=testCompileClasspath,testRuntimeClasspath
org.apache.shiro:shiro-crypto-core:1.7.1=testCompileClasspath,testRuntimeClasspath
org.apache.shiro:shiro-crypto-hash:1.7.1=testCompileClasspath,testRuntimeClasspath
org.apache.shiro:shiro-event:1.7.1=testCompileClasspath,testRuntimeClasspath
org.apache.shiro:shiro-lang:1.7.1=testCompileClasspath,testRuntimeClasspath
org.apiguardian:apiguardian-api:1.1.0=testCompileClasspath,testRuntimeClasspath
org.assertj:assertj-core:3.16.1=testCompileClasspath,testRuntimeClasspath
org.awaitility:awaitility:4.0.3=testCompileClasspath,testRuntimeClasspath
org.bouncycastle:bcpkix-jdk15on:1.68=testCompileClasspath,testRuntimeClasspath
org.bouncycastle:bcprov-jdk15on:1.68=testCompileClasspath,testRuntimeClasspath
org.checkerframework:checker-compat-qual:2.5.3=kapt,kaptTest
org.checkerframework:checker-qual:2.5.2=kapt,kaptTest
org.codehaus.jettison:jettison:1.4.1=testCompileClasspath,testRuntimeClasspath
org.codehaus.mojo:animal-sniffer-annotations:1.17=kapt,kaptTest
org.codehaus.woodstox:stax2-api:4.2.1=runtimeClasspath,testRuntimeClasspath
org.eclipse.collections:eclipse-collections-api:10.3.0=testCompileClasspath,testRuntimeClasspath
org.eclipse.collections:eclipse-collections:10.3.0=testCompileClasspath,testRuntimeClasspath
org.eclipse.jetty:jetty-http:9.4.38.v20210224=testCompileClasspath,testRuntimeClasspath
org.eclipse.jetty:jetty-io:9.4.38.v20210224=testCompileClasspath,testRuntimeClasspath
org.eclipse.jetty:jetty-security:9.4.38.v20210224=testCompileClasspath,testRuntimeClasspath
org.eclipse.jetty:jetty-server:9.4.38.v20210224=testCompileClasspath,testRuntimeClasspath
org.eclipse.jetty:jetty-servlet:9.4.38.v20210224=testCompileClasspath,testRuntimeClasspath
org.eclipse.jetty:jetty-util-ajax:9.4.38.v20210224=testCompileClasspath,testRuntimeClasspath
org.eclipse.jetty:jetty-util:9.4.38.v20210224=testCompileClasspath,testRuntimeClasspath
org.eclipse.jetty:jetty-webapp:9.4.38.v20210224=testCompileClasspath,testRuntimeClasspath
org.eclipse.jetty:jetty-xml:9.4.38.v20210224=testCompileClasspath,testRuntimeClasspath
org.glassfish.hk2.external:jakarta.inject:2.6.1=testCompileClasspath,testRuntimeClasspath
org.glassfish.hk2:hk2-api:2.6.1=testCompileClasspath,testRuntimeClasspath
org.glassfish.hk2:hk2-locator:2.6.1=testCompileClasspath,testRuntimeClasspath
org.glassfish.hk2:hk2-utils:2.6.1=testCompileClasspath,testRuntimeClasspath
org.glassfish.hk2:osgi-resource-locator:1.0.3=testCompileClasspath,testRuntimeClasspath
org.glassfish.jaxb:jaxb-runtime:2.3.2=testCompileClasspath,testRuntimeClasspath
org.glassfish.jaxb:txw2:2.3.2=testCompileClasspath,testRuntimeClasspath
org.glassfish.jersey.containers:jersey-container-servlet-core:2.32=testCompileClasspath,testRuntimeClasspath
org.glassfish.jersey.containers:jersey-container-servlet:2.32=testCompileClasspath,testRuntimeClasspath
org.glassfish.jersey.core:jersey-client:2.32=testCompileClasspath,testRuntimeClasspath
org.glassfish.jersey.core:jersey-common:2.32=testCompileClasspath,testRuntimeClasspath
org.glassfish.jersey.core:jersey-server:2.32=testCompileClasspath,testRuntimeClasspath
org.glassfish.jersey.inject:jersey-hk2:2.32=testCompileClasspath,testRuntimeClasspath
org.glassfish.jersey.media:jersey-media-jaxb:2.32=testCompileClasspath,testRuntimeClasspath
org.hamcrest:hamcrest-core:2.2=testCompileClasspath,testRuntimeClasspath
org.hamcrest:hamcrest:2.2=testCompileClasspath,testRuntimeClasspath
org.javassist:javassist:3.25.0-GA=testCompileClasspath,testRuntimeClasspath
org.jctools:jctools-core:3.1.0=testCompileClasspath,testRuntimeClasspath
org.jetbrains.kotlin:kotlin-bom:1.6.20=compileClasspath,runtimeClasspath,testCompileClasspath,testRuntimeClasspath
org.jetbrains.kotlin:kotlin-reflect:1.6.20=runtimeClasspath,testCompileClasspath,testRuntimeClasspath
org.jetbrains.kotlin:kotlin-stdlib-common:1.5.0=kapt,kaptTest
org.jetbrains.kotlin:kotlin-stdlib-common:1.6.20=compileClasspath,runtimeClasspath,testCompileClasspath,testRuntimeClasspath
org.jetbrains.kotlin:kotlin-stdlib-jdk7:1.6.20=compileClasspath,runtimeClasspath,testCompileClasspath,testRuntimeClasspath
org.jetbrains.kotlin:kotlin-stdlib-jdk8:1.6.20=compileClasspath,runtimeClasspath,testCompileClasspath,testRuntimeClasspath
org.jetbrains.kotlin:kotlin-stdlib:1.5.0=kapt,kaptTest
org.jetbrains.kotlin:kotlin-stdlib:1.6.20=compileClasspath,runtimeClasspath,testCompileClasspath,testRuntimeClasspath
org.jetbrains.kotlinx:kotlinx-coroutines-core-jvm:1.5.0-native-mt=compileClasspath,runtimeClasspath,testCompileClasspath,testRuntimeClasspath
org.jetbrains.kotlinx:kotlinx-coroutines-core:1.5.0-native-mt=compileClasspath,runtimeClasspath,testCompileClasspath,testRuntimeClasspath
org.jetbrains.kotlinx:kotlinx-metadata-jvm:0.3.0=kapt,kaptTest
org.jetbrains:annotations:13.0=compileClasspath,kapt,kaptTest,runtimeClasspath,testCompileClasspath,testRuntimeClasspath
org.jprocesses:jProcesses:1.6.5=testCompileClasspath,testRuntimeClasspath
org.json:json:20090211=testCompileClasspath,testRuntimeClasspath
org.junit.jupiter:junit-jupiter-api:5.7.2=testCompileClasspath,testRuntimeClasspath
org.junit.jupiter:junit-jupiter-engine:5.7.2=testRuntimeClasspath
org.junit.jupiter:junit-jupiter-params:5.7.2=testCompileClasspath,testRuntimeClasspath
org.junit.jupiter:junit-jupiter:5.7.2=testCompileClasspath,testRuntimeClasspath
org.junit.platform:junit-platform-commons:1.7.2=testCompileClasspath,testRuntimeClasspath
org.junit.platform:junit-platform-engine:1.7.2=testCompileClasspath,testRuntimeClasspath
org.junit.platform:junit-platform-launcher:1.7.2=testCompileClasspath,testRuntimeClasspath
org.junit.vintage:junit-vintage-engine:5.7.2=testCompileClasspath,testRuntimeClasspath
org.junit:junit-bom:5.7.2=testCompileClasspath,testRuntimeClasspath
org.jvnet.staxex:stax-ex:1.8.1=testCompileClasspath,testRuntimeClasspath
org.mockito:mockito-core:3.5.13=testCompileClasspath,testRuntimeClasspath
org.mockito:mockito-inline:3.2.4=testCompileClasspath,testRuntimeClasspath
org.neo4j.app:neo4j-server:4.2.4=testCompileClasspath,testRuntimeClasspath
org.neo4j.driver:neo4j-java-driver:4.2.4=runtimeClasspath,testRuntimeClasspath
org.neo4j.licensing-proxy:zstd-proxy:4.2.4=testCompileClasspath,testRuntimeClasspath
org.neo4j.test:neo4j-harness:4.2.4=testCompileClasspath,testRuntimeClasspath
org.neo4j:annotations:4.2.4=testCompileClasspath,testRuntimeClasspath
org.neo4j:cypher-ast-factory:4.2.4=testCompileClasspath,testRuntimeClasspath
org.neo4j:io-test-utils:4.2.4=testCompileClasspath,testRuntimeClasspath
org.neo4j:neo4j-ast:4.2.4=testCompileClasspath,testRuntimeClasspath
org.neo4j:neo4j-batch-insert:4.2.4=testCompileClasspath,testRuntimeClasspath
org.neo4j:neo4j-bolt:4.2.4=testCompileClasspath,testRuntimeClasspath
org.neo4j:neo4j-codegen:4.2.4=testCompileClasspath,testRuntimeClasspath
org.neo4j:neo4j-collections:4.2.4=testCompileClasspath,testRuntimeClasspath
org.neo4j:neo4j-command-line:4.2.4=testCompileClasspath,testRuntimeClasspath
org.neo4j:neo4j-common:4.2.4=testCompileClasspath,testRuntimeClasspath
org.neo4j:neo4j-concurrent:4.2.4=testCompileClasspath,testRuntimeClasspath
org.neo4j:neo4j-configuration:4.2.4=testCompileClasspath,testRuntimeClasspath
org.neo4j:neo4j-consistency-check:4.2.4=testCompileClasspath,testRuntimeClasspath
org.neo4j:neo4j-csv:4.2.4=testCompileClasspath,testRuntimeClasspath
org.neo4j:neo4j-cypher-ast-factory:4.2.4=testCompileClasspath,testRuntimeClasspath
org.neo4j:neo4j-cypher-expression-evaluator:4.2.4=testCompileClasspath,testRuntimeClasspath
org.neo4j:neo4j-cypher-interpreted-runtime:4.2.4=testCompileClasspath,testRuntimeClasspath
org.neo4j:neo4j-cypher-ir:4.2.4=testCompileClasspath,testRuntimeClasspath
org.neo4j:neo4j-cypher-javacc-parser:4.2.4=testCompileClasspath,testRuntimeClasspath
org.neo4j:neo4j-cypher-logical-plans:4.2.4=testCompileClasspath,testRuntimeClasspath
org.neo4j:neo4j-cypher-macros:4.2.4=testCompileClasspath,testRuntimeClasspath
org.neo4j:neo4j-cypher-planner-spi:4.2.4=testCompileClasspath,testRuntimeClasspath
org.neo4j:neo4j-cypher-planner:4.2.4=testCompileClasspath,testRuntimeClasspath
org.neo4j:neo4j-cypher-runtime-util:4.2.4=testCompileClasspath,testRuntimeClasspath
org.neo4j:neo4j-cypher:4.2.4=testCompileClasspath,testRuntimeClasspath
org.neo4j:neo4j-data-collector:4.2.4=testCompileClasspath,testRuntimeClasspath
org.neo4j:neo4j-dbms:4.2.4=testCompileClasspath,testRuntimeClasspath
org.neo4j:neo4j-diagnostics:4.2.4=testCompileClasspath,testRuntimeClasspath
org.neo4j:neo4j-exceptions:4.2.4=testCompileClasspath,testRuntimeClasspath
org.neo4j:neo4j-expressions:4.2.4=testCompileClasspath,testRuntimeClasspath
org.neo4j:neo4j-fabric:4.2.4=testCompileClasspath,testRuntimeClasspath
org.neo4j:neo4j-front-end:4.2.4=testCompileClasspath,testRuntimeClasspath
org.neo4j:neo4j-fulltext-index:4.2.4=testCompileClasspath,testRuntimeClasspath
org.neo4j:neo4j-graph-algo:4.2.4=testCompileClasspath,testRuntimeClasspath
org.neo4j:neo4j-graphdb-api:4.2.4=testCompileClasspath,testRuntimeClasspath
org.neo4j:neo4j-id-generator:4.2.4=testCompileClasspath,testRuntimeClasspath
org.neo4j:neo4j-import-tool:4.2.4=testCompileClasspath,testRuntimeClasspath
org.neo4j:neo4j-import-util:4.2.4=testCompileClasspath,testRuntimeClasspath
org.neo4j:neo4j-index:4.2.4=testCompileClasspath,testRuntimeClasspath
org.neo4j:neo4j-io:4.2.4=testCompileClasspath,testRuntimeClasspath
org.neo4j:neo4j-kernel-api:4.2.4=testCompileClasspath,testRuntimeClasspath
org.neo4j:neo4j-kernel:4.2.4=testCompileClasspath,testRuntimeClasspath
org.neo4j:neo4j-label-index:4.2.4=testCompileClasspath,testRuntimeClasspath
org.neo4j:neo4j-layout:4.2.4=testCompileClasspath,testRuntimeClasspath
org.neo4j:neo4j-lock:4.2.4=testCompileClasspath,testRuntimeClasspath
org.neo4j:neo4j-logging:4.2.4=testCompileClasspath,testRuntimeClasspath
org.neo4j:neo4j-lucene-index:4.2.4=testCompileClasspath,testRuntimeClasspath
org.neo4j:neo4j-monitoring:4.2.4=testCompileClasspath,testRuntimeClasspath
org.neo4j:neo4j-native:4.2.4=testCompileClasspath,testRuntimeClasspath
org.neo4j:neo4j-ogm-api:3.2.25=compileClasspath,runtimeClasspath,testCompileClasspath,testRuntimeClasspath
org.neo4j:neo4j-ogm-bolt-driver:3.2.25=runtimeClasspath,testRuntimeClasspath
org.neo4j:neo4j-ogm-bolt-native-types:3.2.25=runtimeClasspath,testRuntimeClasspath
org.neo4j:neo4j-ogm-core:3.2.25=compileClasspath,runtimeClasspath,testCompileClasspath,testRuntimeClasspath
org.neo4j:neo4j-parser:4.2.4=testCompileClasspath,testRuntimeClasspath
org.neo4j:neo4j-procedure-api:4.2.4=testCompileClasspath,testRuntimeClasspath
org.neo4j:neo4j-procedure:4.2.4=testCompileClasspath,testRuntimeClasspath
org.neo4j:neo4j-record-storage-engine:4.2.4=testCompileClasspath,testRuntimeClasspath
org.neo4j:neo4j-resource:4.2.4=testCompileClasspath,testRuntimeClasspath
org.neo4j:neo4j-rewriting:4.2.4=testCompileClasspath,testRuntimeClasspath
org.neo4j:neo4j-schema:4.2.4=testCompileClasspath,testRuntimeClasspath
org.neo4j:neo4j-security:4.2.4=testCompileClasspath,testRuntimeClasspath
org.neo4j:neo4j-spatial-index:4.2.4=testCompileClasspath,testRuntimeClasspath
org.neo4j:neo4j-ssl:4.2.4=testCompileClasspath,testRuntimeClasspath
org.neo4j:neo4j-storage-engine-api:4.2.4=testCompileClasspath,testRuntimeClasspath
org.neo4j:neo4j-token-api:4.2.4=testCompileClasspath,testRuntimeClasspath
org.neo4j:neo4j-unsafe:4.2.4=testCompileClasspath,testRuntimeClasspath
org.neo4j:neo4j-util:4.2.4=testCompileClasspath,testRuntimeClasspath
org.neo4j:neo4j-values:4.2.4=testCompileClasspath,testRuntimeClasspath
org.neo4j:neo4j-wal:4.2.4=testCompileClasspath,testRuntimeClasspath
org.neo4j:neo4j:4.2.4=testCompileClasspath,testRuntimeClasspath
org.neo4j:server-api:4.2.4=testCompileClasspath,testRuntimeClasspath
org.neo4j:test-utils:4.2.4=testCompileClasspath,testRuntimeClasspath
org.objenesis:objenesis:3.1=testCompileClasspath,testRuntimeClasspath
org.opentest4j:opentest4j:1.2.0=testCompileClasspath,testRuntimeClasspath
org.ow2.asm:asm-analysis:8.0.1=testCompileClasspath,testRuntimeClasspath
org.ow2.asm:asm-tree:8.0.1=testCompileClasspath,testRuntimeClasspath
org.ow2.asm:asm-util:8.0.1=testCompileClasspath,testRuntimeClasspath
org.ow2.asm:asm:8.0.1=testCompileClasspath,testRuntimeClasspath
org.parboiled:parboiled-core:1.2.0=testCompileClasspath,testRuntimeClasspath
org.parboiled:parboiled-scala_2.12:1.2.0=testCompileClasspath,testRuntimeClasspath
org.reactivestreams:reactive-streams:1.0.3=runtimeClasspath,testCompileClasspath,testRuntimeClasspath
org.scala-lang:scala-library:2.12.10=testCompileClasspath,testRuntimeClasspath
org.scala-lang:scala-reflect:2.12.10=testCompileClasspath,testRuntimeClasspath
org.skyscreamer:jsonassert:1.2.3=testCompileClasspath,testRuntimeClasspath
org.slf4j:jul-to-slf4j:1.7.31=testRuntimeClasspath
org.slf4j:slf4j-api:1.7.31=compileClasspath,runtimeClasspath,testCompileClasspath,testRuntimeClasspath
empty=
