# This is a Gradle generated file for dependency locking.
# Manual edits can break the build and are not advised.
# This file is expected to be part of source control.
com.fasterxml.jackson.core:jackson-annotations:2.13.3=compileClasspath,runtimeClasspath,testCompileClasspath,testRuntimeClasspath
com.fasterxml.jackson.core:jackson-core:2.13.3=compileClasspath,runtimeClasspath,testCompileClasspath,testRuntimeClasspath
com.fasterxml.jackson.core:jackson-databind:2.13.3=compileClasspath,runtimeClasspath,testCompileClasspath,testRuntimeClasspath
com.fasterxml.jackson.datatype:jackson-datatype-jdk8:2.13.3=compileClasspath,runtimeClasspath,testCompileClasspath,testRuntimeClasspath
com.fasterxml.jackson.datatype:jackson-datatype-jsr310:2.13.3=compileClasspath,runtimeClasspath,testCompileClasspath,testRuntimeClasspath
com.fasterxml.jackson.module:jackson-module-kotlin:2.13.3=compileClasspath,runtimeClasspath,testCompileClasspath,testRuntimeClasspath
com.fasterxml.jackson:jackson-bom:2.13.3=compileClasspath,runtimeClasspath,testCompileClasspath,testRuntimeClasspath
com.flextrade.jfixture:jfixture:2.7.2=testCompileClasspath,testRuntimeClasspath
com.google.code.findbugs:jsr305:3.0.2=kapt,kaptTest
com.google.code.gson:gson:2.3.1=testCompileClasspath,testRuntimeClasspath
com.google.dagger:dagger-compiler:2.43.1=kapt,kaptTest
com.google.dagger:dagger-producers:2.43.1=kapt,kaptTest
com.google.dagger:dagger-spi:2.43.1=kapt,kaptTest
com.google.dagger:dagger:2.43.1=compileClasspath,kapt,kaptTest,runtimeClasspath,testCompileClasspath,testRuntimeClasspath
com.google.devtools.ksp:symbol-processing-api:1.7.0-1.0.6=kapt,kaptTest
com.google.errorprone:error_prone_annotations:2.7.1=kapt,kaptTest
com.google.errorprone:javac-shaded:9-dev-r4023-3=kapt,kaptTest
com.google.googlejavaformat:google-java-format:1.5=kapt,kaptTest
com.google.guava:failureaccess:1.0.1=kapt,kaptTest
com.google.guava:guava:17.0=testCompileClasspath,testRuntimeClasspath
com.google.guava:guava:31.0.1-jre=kapt,kaptTest
com.google.guava:listenablefuture:9999.0-empty-to-avoid-conflict-with-guava=kapt,kaptTest
com.google.j2objc:j2objc-annotations:1.3=kapt,kaptTest
com.googlecode.json-simple:json-simple:1.1.1=compileClasspath,runtimeClasspath,testCompileClasspath,testRuntimeClasspath
com.shazam:shazamcrest:0.11=testCompileClasspath,testRuntimeClasspath
com.squareup.okhttp3:okhttp:4.9.3=runtimeClasspath,testRuntimeClasspath
com.squareup.okio:okio:2.8.0=runtimeClasspath,testRuntimeClasspath
com.squareup:javapoet:1.13.0=kapt,kaptTest
com.typesafe:config:1.4.1=compileClasspath,runtimeClasspath,testCompileClasspath,testRuntimeClasspath
com.vaadin.external.google:android-json:0.0.20131108.vaadin1=testCompileClasspath,testRuntimeClasspath
io.github.classgraph:classgraph:4.8.147=compileClasspath,runtimeClasspath,testCompileClasspath,testRuntimeClasspath
io.ktor:ktor-client-cio-jvm:2.0.3=testCompileClasspath,testRuntimeClasspath
io.ktor:ktor-client-cio:2.0.3=testCompileClasspath,testRuntimeClasspath
io.ktor:ktor-client-content-negotiation-jvm:2.0.3=compileClasspath,runtimeClasspath,testCompileClasspath,testRuntimeClasspath
io.ktor:ktor-client-content-negotiation:2.0.3=compileClasspath,runtimeClasspath,testCompileClasspath,testRuntimeClasspath
io.ktor:ktor-client-core-jvm:2.0.3=compileClasspath,runtimeClasspath,testCompileClasspath,testRuntimeClasspath
io.ktor:ktor-client-core:2.0.3=compileClasspath,runtimeClasspath,testCompileClasspath,testRuntimeClasspath
io.ktor:ktor-client-jetty-jvm:2.0.3=testCompileClasspath,testRuntimeClasspath
io.ktor:ktor-client-jetty:2.0.3=testCompileClasspath,testRuntimeClasspath
io.ktor:ktor-client-logging-jvm:2.0.3=runtimeClasspath,testRuntimeClasspath
io.ktor:ktor-client-logging:2.0.3=runtimeClasspath,testRuntimeClasspath
io.ktor:ktor-client-mock-jvm:2.0.3=testCompileClasspath,testRuntimeClasspath
io.ktor:ktor-client-mock:2.0.3=testCompileClasspath,testRuntimeClasspath
io.ktor:ktor-client-okhttp-jvm:2.0.3=runtimeClasspath,testRuntimeClasspath
io.ktor:ktor-client-okhttp:2.0.3=runtimeClasspath,testRuntimeClasspath
io.ktor:ktor-events-jvm:2.0.3=compileClasspath,runtimeClasspath,testCompileClasspath,testRuntimeClasspath
io.ktor:ktor-events:2.0.3=compileClasspath,runtimeClasspath,testCompileClasspath,testRuntimeClasspath
io.ktor:ktor-http-cio-jvm:2.0.3=compileClasspath,runtimeClasspath,testCompileClasspath,testRuntimeClasspath
io.ktor:ktor-http-cio:2.0.3=compileClasspath,runtimeClasspath,testCompileClasspath,testRuntimeClasspath
io.ktor:ktor-http-jvm:2.0.3=compileClasspath,runtimeClasspath,testCompileClasspath,testRuntimeClasspath
io.ktor:ktor-http:2.0.3=compileClasspath,runtimeClasspath,testCompileClasspath,testRuntimeClasspath
io.ktor:ktor-io-jvm:2.0.3=compileClasspath,runtimeClasspath,testCompileClasspath,testRuntimeClasspath
io.ktor:ktor-io:2.0.3=compileClasspath,runtimeClasspath,testCompileClasspath,testRuntimeClasspath
io.ktor:ktor-network-jvm:2.0.3=compileClasspath,runtimeClasspath,testCompileClasspath,testRuntimeClasspath
io.ktor:ktor-network-tls-certificates-jvm:2.0.3=testCompileClasspath,testRuntimeClasspath
io.ktor:ktor-network-tls-certificates:2.0.3=testCompileClasspath,testRuntimeClasspath
io.ktor:ktor-network-tls-jvm:2.0.3=testCompileClasspath,testRuntimeClasspath
io.ktor:ktor-network-tls:2.0.3=testCompileClasspath,testRuntimeClasspath
io.ktor:ktor-network:2.0.3=compileClasspath,runtimeClasspath,testCompileClasspath,testRuntimeClasspath
io.ktor:ktor-resources-jvm:2.0.3=compileClasspath,runtimeClasspath,testCompileClasspath,testRuntimeClasspath
io.ktor:ktor-resources:2.0.3=compileClasspath,runtimeClasspath,testCompileClasspath,testRuntimeClasspath
io.ktor:ktor-serialization-jackson-jvm:2.0.3=compileClasspath,runtimeClasspath,testCompileClasspath,testRuntimeClasspath
io.ktor:ktor-serialization-jackson:2.0.3=compileClasspath,runtimeClasspath,testCompileClasspath,testRuntimeClasspath
io.ktor:ktor-serialization-jvm:2.0.3=compileClasspath,runtimeClasspath,testCompileClasspath,testRuntimeClasspath
io.ktor:ktor-serialization:2.0.3=compileClasspath,runtimeClasspath,testCompileClasspath,testRuntimeClasspath
io.ktor:ktor-server-auth-jvm:2.0.3=compileClasspath,runtimeClasspath,testCompileClasspath,testRuntimeClasspath
io.ktor:ktor-server-auth:2.0.3=compileClasspath,runtimeClasspath,testCompileClasspath,testRuntimeClasspath
io.ktor:ktor-server-auto-head-response-jvm:2.0.3=testCompileClasspath,testRuntimeClasspath
io.ktor:ktor-server-auto-head-response:2.0.3=testCompileClasspath,testRuntimeClasspath
io.ktor:ktor-server-caching-headers-jvm:2.0.3=compileClasspath,runtimeClasspath,testCompileClasspath,testRuntimeClasspath
io.ktor:ktor-server-caching-headers:2.0.3=compileClasspath,runtimeClasspath,testCompileClasspath,testRuntimeClasspath
io.ktor:ktor-server-call-id-jvm:2.0.3=testCompileClasspath,testRuntimeClasspath
io.ktor:ktor-server-call-id:2.0.3=testCompileClasspath,testRuntimeClasspath
io.ktor:ktor-server-call-logging-jvm:2.0.3=compileClasspath,runtimeClasspath,testCompileClasspath,testRuntimeClasspath
io.ktor:ktor-server-call-logging:2.0.3=compileClasspath,runtimeClasspath,testCompileClasspath,testRuntimeClasspath
io.ktor:ktor-server-compression-jvm:2.0.3=compileClasspath,runtimeClasspath,testCompileClasspath,testRuntimeClasspath
io.ktor:ktor-server-compression:2.0.3=compileClasspath,runtimeClasspath,testCompileClasspath,testRuntimeClasspath
io.ktor:ktor-server-conditional-headers-jvm:2.0.3=testCompileClasspath,testRuntimeClasspath
io.ktor:ktor-server-conditional-headers:2.0.3=testCompileClasspath,testRuntimeClasspath
io.ktor:ktor-server-content-negotiation-jvm:2.0.3=compileClasspath,runtimeClasspath,testCompileClasspath,testRuntimeClasspath
io.ktor:ktor-server-content-negotiation:2.0.3=compileClasspath,runtimeClasspath,testCompileClasspath,testRuntimeClasspath
io.ktor:ktor-server-core-jvm:2.0.3=compileClasspath,runtimeClasspath,testCompileClasspath,testRuntimeClasspath
io.ktor:ktor-server-core:2.0.3=compileClasspath,runtimeClasspath,testCompileClasspath,testRuntimeClasspath
io.ktor:ktor-server-cors-jvm:2.0.3=testCompileClasspath,testRuntimeClasspath
io.ktor:ktor-server-cors:2.0.3=testCompileClasspath,testRuntimeClasspath
io.ktor:ktor-server-data-conversion-jvm:2.0.3=testCompileClasspath,testRuntimeClasspath
io.ktor:ktor-server-data-conversion:2.0.3=testCompileClasspath,testRuntimeClasspath
io.ktor:ktor-server-default-headers-jvm:2.0.3=compileClasspath,runtimeClasspath,testCompileClasspath,testRuntimeClasspath
io.ktor:ktor-server-default-headers:2.0.3=compileClasspath,runtimeClasspath,testCompileClasspath,testRuntimeClasspath
io.ktor:ktor-server-double-receive-jvm:2.0.3=testCompileClasspath,testRuntimeClasspath
io.ktor:ktor-server-double-receive:2.0.3=testCompileClasspath,testRuntimeClasspath
io.ktor:ktor-server-forwarded-header-jvm:2.0.3=testCompileClasspath,testRuntimeClasspath
io.ktor:ktor-server-forwarded-header:2.0.3=testCompileClasspath,testRuntimeClasspath
io.ktor:ktor-server-host-common-jvm:2.0.3=compileClasspath,runtimeClasspath,testCompileClasspath,testRuntimeClasspath
io.ktor:ktor-server-host-common:2.0.3=compileClasspath,runtimeClasspath,testCompileClasspath,testRuntimeClasspath
io.ktor:ktor-server-hsts-jvm:2.0.3=testCompileClasspath,testRuntimeClasspath
io.ktor:ktor-server-hsts:2.0.3=testCompileClasspath,testRuntimeClasspath
io.ktor:ktor-server-html-builder-jvm:2.0.3=compileClasspath,runtimeClasspath,testCompileClasspath,testRuntimeClasspath
io.ktor:ktor-server-html-builder:2.0.3=compileClasspath,runtimeClasspath,testCompileClasspath,testRuntimeClasspath
io.ktor:ktor-server-http-redirect-jvm:2.0.3=testCompileClasspath,testRuntimeClasspath
io.ktor:ktor-server-http-redirect:2.0.3=testCompileClasspath,testRuntimeClasspath
io.ktor:ktor-server-jvm:2.0.3=testCompileClasspath,testRuntimeClasspath
io.ktor:ktor-server-method-override-jvm:2.0.3=testCompileClasspath,testRuntimeClasspath
io.ktor:ktor-server-method-override:2.0.3=testCompileClasspath,testRuntimeClasspath
io.ktor:ktor-server-netty-jvm:2.0.3=compileClasspath,runtimeClasspath,testCompileClasspath,testRuntimeClasspath
io.ktor:ktor-server-netty:2.0.3=compileClasspath,runtimeClasspath,testCompileClasspath,testRuntimeClasspath
io.ktor:ktor-server-partial-content-jvm:2.0.3=testCompileClasspath,testRuntimeClasspath
io.ktor:ktor-server-partial-content:2.0.3=testCompileClasspath,testRuntimeClasspath
io.ktor:ktor-server-resources-jvm:2.0.3=compileClasspath,runtimeClasspath,testCompileClasspath,testRuntimeClasspath
io.ktor:ktor-server-resources:2.0.3=compileClasspath,runtimeClasspath,testCompileClasspath,testRuntimeClasspath
io.ktor:ktor-server-sessions-jvm:2.0.3=compileClasspath,runtimeClasspath,testCompileClasspath,testRuntimeClasspath
io.ktor:ktor-server-sessions:2.0.3=compileClasspath,runtimeClasspath,testCompileClasspath,testRuntimeClasspath
io.ktor:ktor-server-status-pages-jvm:2.0.3=compileClasspath,runtimeClasspath,testCompileClasspath,testRuntimeClasspath
io.ktor:ktor-server-status-pages:2.0.3=compileClasspath,runtimeClasspath,testCompileClasspath,testRuntimeClasspath
io.ktor:ktor-server-test-host-jvm:2.0.3=testCompileClasspath,testRuntimeClasspath
io.ktor:ktor-server-test-host:2.0.3=testCompileClasspath,testRuntimeClasspath
io.ktor:ktor-server-tests-jvm:2.0.3=testCompileClasspath,testRuntimeClasspath
io.ktor:ktor-server-tests:2.0.3=testCompileClasspath,testRuntimeClasspath
io.ktor:ktor-server-websockets-jvm:2.0.3=testCompileClasspath,testRuntimeClasspath
io.ktor:ktor-server-websockets:2.0.3=testCompileClasspath,testRuntimeClasspath
io.ktor:ktor-server:2.0.3=testCompileClasspath,testRuntimeClasspath
io.ktor:ktor-test-dispatcher-jvm:2.0.3=testCompileClasspath,testRuntimeClasspath
io.ktor:ktor-test-dispatcher:2.0.3=testCompileClasspath,testRuntimeClasspath
io.ktor:ktor-utils-jvm:2.0.3=compileClasspath,runtimeClasspath,testCompileClasspath,testRuntimeClasspath
io.ktor:ktor-utils:2.0.3=compileClasspath,runtimeClasspath,testCompileClasspath,testRuntimeClasspath
io.ktor:ktor-websocket-serialization-jvm:2.0.3=compileClasspath,runtimeClasspath,testCompileClasspath,testRuntimeClasspath
io.ktor:ktor-websocket-serialization:2.0.3=compileClasspath,runtimeClasspath,testCompileClasspath,testRuntimeClasspath
io.ktor:ktor-websockets-jvm:2.0.3=compileClasspath,runtimeClasspath,testCompileClasspath,testRuntimeClasspath
io.ktor:ktor-websockets:2.0.3=compileClasspath,runtimeClasspath,testCompileClasspath,testRuntimeClasspath
io.netty:netty-buffer:4.1.77.Final=compileClasspath,runtimeClasspath,testCompileClasspath,testRuntimeClasspath
io.netty:netty-codec-http2:4.1.77.Final=compileClasspath,runtimeClasspath,testCompileClasspath,testRuntimeClasspath
io.netty:netty-codec-http:4.1.77.Final=compileClasspath,runtimeClasspath,testCompileClasspath,testRuntimeClasspath
io.netty:netty-codec:4.1.77.Final=compileClasspath,runtimeClasspath,testCompileClasspath,testRuntimeClasspath
io.netty:netty-common:4.1.77.Final=compileClasspath,runtimeClasspath,testCompileClasspath,testRuntimeClasspath
io.netty:netty-handler:4.1.77.Final=compileClasspath,runtimeClasspath,testCompileClasspath,testRuntimeClasspath
io.netty:netty-resolver:4.1.77.Final=compileClasspath,runtimeClasspath,testCompileClasspath,testRuntimeClasspath
io.netty:netty-transport-classes-epoll:4.1.77.Final=compileClasspath,runtimeClasspath,testCompileClasspath,testRuntimeClasspath
io.netty:netty-transport-classes-kqueue:4.1.77.Final=compileClasspath,runtimeClasspath,testCompileClasspath,testRuntimeClasspath
io.netty:netty-transport-native-epoll:4.1.77.Final=compileClasspath,runtimeClasspath,testCompileClasspath,testRuntimeClasspath
io.netty:netty-transport-native-kqueue:4.1.77.Final=compileClasspath,runtimeClasspath,testCompileClasspath,testRuntimeClasspath
io.netty:netty-transport-native-unix-common:4.1.77.Final=compileClasspath,runtimeClasspath,testCompileClasspath,testRuntimeClasspath
io.netty:netty-transport:4.1.77.Final=compileClasspath,runtimeClasspath,testCompileClasspath,testRuntimeClasspath
javax.inject:javax.inject:1=compileClasspath,kapt,kaptTest,runtimeClasspath,testCompileClasspath,testRuntimeClasspath
junit:junit:4.13.2=testCompileClasspath,testRuntimeClasspath
net.bytebuddy:byte-buddy-agent:1.12.10=testCompileClasspath,testRuntimeClasspath
net.bytebuddy:byte-buddy:1.12.10=testCompileClasspath,testRuntimeClasspath
net.java.dev.jna:jna-platform:5.9.0=testRuntimeClasspath
net.java.dev.jna:jna:5.9.0=testRuntimeClasspath
net.ltgt.gradle.incap:incap:0.2=kapt,kaptTest
org.apache.commons:commons-lang3:3.1=testCompileClasspath,testRuntimeClasspath
org.apache.logging.log4j:log4j-api:2.18.0=runtimeClasspath,testRuntimeClasspath
org.apache.logging.log4j:log4j-core:2.18.0=runtimeClasspath,testRuntimeClasspath
org.apache.logging.log4j:log4j-slf4j-impl:2.18.0=runtimeClasspath,testRuntimeClasspath
org.apiguardian:apiguardian-api:1.1.2=testCompileClasspath
org.checkerframework:checker-compat-qual:2.5.5=kapt,kaptTest
org.checkerframework:checker-qual:3.12.0=kapt,kaptTest
org.eclipse.jetty.alpn:alpn-api:1.1.3.v20160715=compileClasspath,runtimeClasspath,testCompileClasspath,testRuntimeClasspath
org.eclipse.jetty.http2:http2-client:9.4.45.v20220203=testCompileClasspath,testRuntimeClasspath
org.eclipse.jetty.http2:http2-common:9.4.45.v20220203=testCompileClasspath,testRuntimeClasspath
org.eclipse.jetty.http2:http2-hpack:9.4.45.v20220203=testCompileClasspath,testRuntimeClasspath
org.eclipse.jetty.http2:http2-http-client-transport:9.4.45.v20220203=testCompileClasspath,testRuntimeClasspath
org.eclipse.jetty:jetty-alpn-client:9.4.45.v20220203=testCompileClasspath,testRuntimeClasspath
org.eclipse.jetty:jetty-alpn-java-client:9.4.45.v20220203=testCompileClasspath,testRuntimeClasspath
org.eclipse.jetty:jetty-alpn-openjdk8-client:9.4.45.v20220203=testCompileClasspath,testRuntimeClasspath
org.eclipse.jetty:jetty-client:9.4.45.v20220203=testCompileClasspath,testRuntimeClasspath
org.eclipse.jetty:jetty-http:9.4.45.v20220203=testCompileClasspath,testRuntimeClasspath
org.eclipse.jetty:jetty-io:9.4.45.v20220203=testCompileClasspath,testRuntimeClasspath
org.eclipse.jetty:jetty-util:9.4.45.v20220203=testCompileClasspath,testRuntimeClasspath
org.fusesource.jansi:jansi:2.4.0=runtimeClasspath,testRuntimeClasspath
org.hamcrest:hamcrest-core:2.2=testCompileClasspath,testRuntimeClasspath
org.hamcrest:hamcrest:2.2=testCompileClasspath,testRuntimeClasspath
org.jetbrains.kotlin:kotlin-bom:1.7.10=compileClasspath,runtimeClasspath,testCompileClasspath,testRuntimeClasspath
org.jetbrains.kotlin:kotlin-reflect:1.7.10=compileClasspath,runtimeClasspath,testCompileClasspath,testRuntimeClasspath
org.jetbrains.kotlin:kotlin-stdlib-common:1.7.0=kapt,kaptTest
org.jetbrains.kotlin:kotlin-stdlib-common:1.7.10=compileClasspath,runtimeClasspath,testCompileClasspath,testRuntimeClasspath
org.jetbrains.kotlin:kotlin-stdlib-jdk7:1.7.0=kapt,kaptTest
org.jetbrains.kotlin:kotlin-stdlib-jdk7:1.7.10=compileClasspath,runtimeClasspath,testCompileClasspath,testRuntimeClasspath
org.jetbrains.kotlin:kotlin-stdlib-jdk8:1.7.0=kapt,kaptTest
org.jetbrains.kotlin:kotlin-stdlib-jdk8:1.7.10=compileClasspath,runtimeClasspath,testCompileClasspath,testRuntimeClasspath
org.jetbrains.kotlin:kotlin-stdlib:1.7.0=kapt,kaptTest
org.jetbrains.kotlin:kotlin-stdlib:1.7.10=compileClasspath,runtimeClasspath,testCompileClasspath,testRuntimeClasspath
org.jetbrains.kotlinx:kotlinx-coroutines-bom:1.6.2=compileClasspath,runtimeClasspath,testCompileClasspath,testRuntimeClasspath
org.jetbrains.kotlinx:kotlinx-coroutines-core-jvm:1.6.2=compileClasspath,runtimeClasspath,testCompileClasspath,testRuntimeClasspath
org.jetbrains.kotlinx:kotlinx-coroutines-core:1.6.2=compileClasspath,runtimeClasspath,testCompileClasspath,testRuntimeClasspath
org.jetbrains.kotlinx:kotlinx-coroutines-debug:1.6.2=testRuntimeClasspath
org.jetbrains.kotlinx:kotlinx-coroutines-jdk8:1.6.2=compileClasspath,runtimeClasspath,testCompileClasspath,testRuntimeClasspath
org.jetbrains.kotlinx:kotlinx-coroutines-slf4j:1.6.2=runtimeClasspath,testRuntimeClasspath
org.jetbrains.kotlinx:kotlinx-html-jvm:0.7.5=compileClasspath,runtimeClasspath,testCompileClasspath,testRuntimeClasspath
org.jetbrains.kotlinx:kotlinx-html:0.7.5=compileClasspath,runtimeClasspath,testCompileClasspath,testRuntimeClasspath
org.jetbrains.kotlinx:kotlinx-metadata-jvm:0.4.2=kapt,kaptTest
org.jetbrains.kotlinx:kotlinx-serialization-core-jvm:1.3.2=compileClasspath,runtimeClasspath
org.jetbrains.kotlinx:kotlinx-serialization-core-jvm:1.3.3=testCompileClasspath,testRuntimeClasspath
org.jetbrains.kotlinx:kotlinx-serialization-core:1.3.2=compileClasspath,runtimeClasspath
org.jetbrains.kotlinx:kotlinx-serialization-core:1.3.3=testCompileClasspath,testRuntimeClasspath
org.jetbrains.kotlinx:kotlinx-serialization-json-jvm:1.3.3=testCompileClasspath,testRuntimeClasspath
org.jetbrains.kotlinx:kotlinx-serialization-json:1.3.3=testCompileClasspath,testRuntimeClasspath
org.jetbrains:annotations:13.0=compileClasspath,kapt,kaptTest,runtimeClasspath,testCompileClasspath,testRuntimeClasspath
org.junit.jupiter:junit-jupiter-api:5.8.2=testCompileClasspath,testRuntimeClasspath
org.junit.jupiter:junit-jupiter-engine:5.8.2=testRuntimeClasspath
org.junit.jupiter:junit-jupiter-params:5.8.2=testCompileClasspath,testRuntimeClasspath
org.junit.platform:junit-platform-commons:1.8.2=testCompileClasspath,testRuntimeClasspath
org.junit.platform:junit-platform-engine:1.8.2=testRuntimeClasspath
org.junit.platform:junit-platform-launcher:1.8.2=testRuntimeClasspath
org.junit:junit-bom:5.8.2=testCompileClasspath,testRuntimeClasspath
org.mockito.kotlin:mockito-kotlin:4.0.0=testCompileClasspath,testRuntimeClasspath
org.mockito:mockito-core:4.6.1=testCompileClasspath,testRuntimeClasspath
org.mockito:mockito-inline:4.6.1=testCompileClasspath,testRuntimeClasspath
org.mockito:mockito-junit-jupiter:4.6.1=testCompileClasspath,testRuntimeClasspath
org.neo4j.driver:neo4j-java-driver:4.4.9=runtimeClasspath,testRuntimeClasspath
org.neo4j:neo4j-ogm-api:3.2.36=compileClasspath,runtimeClasspath,testCompileClasspath,testRuntimeClasspath
org.neo4j:neo4j-ogm-bolt-driver:3.2.36=runtimeClasspath,testRuntimeClasspath
org.neo4j:neo4j-ogm-bolt-native-types:3.2.36=runtimeClasspath,testRuntimeClasspath
org.neo4j:neo4j-ogm-core:3.2.36=compileClasspath,runtimeClasspath,testCompileClasspath,testRuntimeClasspath
org.objenesis:objenesis:3.2=testRuntimeClasspath
org.opentest4j:opentest4j:1.2.0=testCompileClasspath,testRuntimeClasspath
org.reactivestreams:reactive-streams:1.0.3=runtimeClasspath,testRuntimeClasspath
org.skyscreamer:jsonassert:1.5.1=testCompileClasspath,testRuntimeClasspath
org.slf4j:jul-to-slf4j:1.7.36=testRuntimeClasspath
org.slf4j:slf4j-api:1.7.36=compileClasspath,runtimeClasspath,testCompileClasspath,testRuntimeClasspath
empty=
