# This is a Gradle generated file for dependency locking.
# Manual edits can break the build and are not advised.
# This file is expected to be part of source control.
com.fasterxml.jackson.core:jackson-annotations:2.13.2=compileClasspath,runtimeClasspath,testCompileClasspath,testRuntimeClasspath
com.fasterxml.jackson.core:jackson-core:2.13.2=compileClasspath,runtimeClasspath,testCompileClasspath,testRuntimeClasspath
com.fasterxml.jackson.core:jackson-databind:2.13.2=compileClasspath,runtimeClasspath,testCompileClasspath,testRuntimeClasspath
com.fasterxml.jackson.datatype:jackson-datatype-jdk8:2.13.2=compileClasspath,runtimeClasspath,testCompileClasspath,testRuntimeClasspath
com.fasterxml.jackson.datatype:jackson-datatype-jsr310:2.13.2=compileClasspath,runtimeClasspath,testCompileClasspath,testRuntimeClasspath
com.fasterxml.jackson.module:jackson-module-kotlin:2.13.2=compileClasspath,runtimeClasspath,testCompileClasspath,testRuntimeClasspath
com.fasterxml.jackson:jackson-bom:2.13.2=compileClasspath,runtimeClasspath,testCompileClasspath,testRuntimeClasspath
com.flextrade.jfixture:jfixture:2.7.2=testCompileClasspath,testRuntimeClasspath
com.google.code.findbugs:jsr305:3.0.2=kapt,kaptTest
com.google.code.gson:gson:2.3.1=testCompileClasspath,testRuntimeClasspath
com.google.dagger:dagger-compiler:2.37=kapt,kaptTest
com.google.dagger:dagger-producers:2.37=kapt,kaptTest
com.google.dagger:dagger-spi:2.37=kapt,kaptTest
com.google.dagger:dagger:2.37=compileClasspath,kapt,kaptTest,runtimeClasspath,testCompileClasspath,testRuntimeClasspath
com.google.errorprone:error_prone_annotations:2.2.0=kapt,kaptTest
com.google.errorprone:javac-shaded:9-dev-r4023-3=kapt,kaptTest
com.google.googlejavaformat:google-java-format:1.5=kapt,kaptTest
com.google.guava:failureaccess:1.0.1=kapt,kaptTest
com.google.guava:guava:17.0=testCompileClasspath,testRuntimeClasspath
com.google.guava:guava:27.1-jre=kapt,kaptTest
com.google.guava:listenablefuture:9999.0-empty-to-avoid-conflict-with-guava=kapt,kaptTest
com.google.j2objc:j2objc-annotations:1.1=kapt,kaptTest
com.googlecode.json-simple:json-simple:1.1.1=compileClasspath,runtimeClasspath,testCompileClasspath,testRuntimeClasspath
com.nhaarman.mockitokotlin2:mockito-kotlin:2.2.0=testCompileClasspath,testRuntimeClasspath
com.shazam:shazamcrest:0.11=testCompileClasspath,testRuntimeClasspath
com.squareup.okhttp3:okhttp:4.6.0=runtimeClasspath,testRuntimeClasspath
com.squareup.okio:okio:2.6.0=runtimeClasspath,testRuntimeClasspath
com.squareup:javapoet:1.13.0=kapt,kaptTest
com.typesafe:config:1.3.1=compileClasspath,runtimeClasspath,testCompileClasspath,testRuntimeClasspath
com.vaadin.external.google:android-json:0.0.20131108.vaadin1=testCompileClasspath,testRuntimeClasspath
io.github.classgraph:classgraph:4.8.86=compileClasspath,runtimeClasspath,testCompileClasspath,testRuntimeClasspath
io.ktor:ktor-auth-kotlinMultiplatform:1.6.3=compileClasspath,runtimeClasspath,testCompileClasspath,testRuntimeClasspath
io.ktor:ktor-auth:1.6.3=compileClasspath,runtimeClasspath,testCompileClasspath,testRuntimeClasspath
io.ktor:ktor-client-cio-jvm:1.6.3=testCompileClasspath,testRuntimeClasspath
io.ktor:ktor-client-cio:1.6.3=testCompileClasspath,testRuntimeClasspath
io.ktor:ktor-client-core-jvm:1.6.3=compileClasspath,runtimeClasspath,testCompileClasspath,testRuntimeClasspath
io.ktor:ktor-client-core:1.6.3=compileClasspath,runtimeClasspath,testCompileClasspath,testRuntimeClasspath
io.ktor:ktor-client-jackson:1.6.3=compileClasspath,runtimeClasspath,testCompileClasspath,testRuntimeClasspath
io.ktor:ktor-client-jetty-kotlinMultiplatform:1.6.3=testCompileClasspath,testRuntimeClasspath
io.ktor:ktor-client-jetty:1.6.3=testCompileClasspath,testRuntimeClasspath
io.ktor:ktor-client-json-jvm:1.6.3=compileClasspath,runtimeClasspath,testCompileClasspath,testRuntimeClasspath
io.ktor:ktor-client-json:1.6.3=compileClasspath,runtimeClasspath,testCompileClasspath,testRuntimeClasspath
io.ktor:ktor-client-logging-jvm:1.6.3=runtimeClasspath,testRuntimeClasspath
io.ktor:ktor-client-mock-jvm:1.6.3=testCompileClasspath,testRuntimeClasspath
io.ktor:ktor-client-okhttp:1.6.3=runtimeClasspath,testRuntimeClasspath
io.ktor:ktor-client:1.6.3=runtimeClasspath,testRuntimeClasspath
io.ktor:ktor-html-builder:1.6.3=compileClasspath,runtimeClasspath,testCompileClasspath,testRuntimeClasspath
io.ktor:ktor-http-cio-jvm:1.6.3=compileClasspath,runtimeClasspath,testCompileClasspath,testRuntimeClasspath
io.ktor:ktor-http-cio:1.6.3=compileClasspath,runtimeClasspath,testCompileClasspath,testRuntimeClasspath
io.ktor:ktor-http-jvm:1.6.3=compileClasspath,runtimeClasspath,testCompileClasspath,testRuntimeClasspath
io.ktor:ktor-http:1.6.3=compileClasspath,runtimeClasspath,testCompileClasspath,testRuntimeClasspath
io.ktor:ktor-io-jvm:1.6.3=compileClasspath,runtimeClasspath,testCompileClasspath,testRuntimeClasspath
io.ktor:ktor-io:1.6.3=compileClasspath,runtimeClasspath,testCompileClasspath,testRuntimeClasspath
io.ktor:ktor-jackson:1.6.3=compileClasspath,runtimeClasspath,testCompileClasspath,testRuntimeClasspath
io.ktor:ktor-locations:1.6.3=compileClasspath,runtimeClasspath,testCompileClasspath,testRuntimeClasspath
io.ktor:ktor-network-jvm:1.6.3=compileClasspath,runtimeClasspath,testCompileClasspath,testRuntimeClasspath
io.ktor:ktor-network-tls-certificates-kotlinMultiplatform:1.6.3=testCompileClasspath,testRuntimeClasspath
io.ktor:ktor-network-tls-certificates:1.6.3=testCompileClasspath,testRuntimeClasspath
io.ktor:ktor-network-tls-jvm:1.6.3=testCompileClasspath,testRuntimeClasspath
io.ktor:ktor-network-tls:1.6.3=testCompileClasspath,testRuntimeClasspath
io.ktor:ktor-network:1.6.3=compileClasspath,runtimeClasspath,testCompileClasspath,testRuntimeClasspath
io.ktor:ktor-server-core-kotlinMultiplatform:1.6.3=compileClasspath,runtimeClasspath,testCompileClasspath,testRuntimeClasspath
io.ktor:ktor-server-core:1.6.3=compileClasspath,runtimeClasspath,testCompileClasspath,testRuntimeClasspath
io.ktor:ktor-server-host-common-kotlinMultiplatform:1.6.3=compileClasspath,runtimeClasspath,testCompileClasspath,testRuntimeClasspath
io.ktor:ktor-server-host-common:1.6.3=compileClasspath,runtimeClasspath,testCompileClasspath,testRuntimeClasspath
io.ktor:ktor-server-netty:1.6.3=compileClasspath,runtimeClasspath,testCompileClasspath,testRuntimeClasspath
io.ktor:ktor-server-test-host-kotlinMultiplatform:1.6.3=testCompileClasspath,testRuntimeClasspath
io.ktor:ktor-server-test-host:1.6.3=testCompileClasspath,testRuntimeClasspath
io.ktor:ktor-server-tests:1.6.3=testCompileClasspath,testRuntimeClasspath
io.ktor:ktor-utils-jvm:1.6.3=compileClasspath,runtimeClasspath,testCompileClasspath,testRuntimeClasspath
io.ktor:ktor-utils:1.6.3=compileClasspath,runtimeClasspath,testCompileClasspath,testRuntimeClasspath
io.ktor:ktor-websockets-kotlinMultiplatform:1.6.3=testCompileClasspath,testRuntimeClasspath
io.ktor:ktor-websockets:1.6.3=testCompileClasspath,testRuntimeClasspath
io.netty:netty-buffer:4.1.63.Final=compileClasspath,runtimeClasspath,testCompileClasspath,testRuntimeClasspath
io.netty:netty-codec-http2:4.1.63.Final=compileClasspath,runtimeClasspath,testCompileClasspath,testRuntimeClasspath
io.netty:netty-codec-http:4.1.63.Final=compileClasspath,runtimeClasspath,testCompileClasspath,testRuntimeClasspath
io.netty:netty-codec:4.1.63.Final=compileClasspath,runtimeClasspath,testCompileClasspath,testRuntimeClasspath
io.netty:netty-common:4.1.63.Final=compileClasspath,runtimeClasspath,testCompileClasspath,testRuntimeClasspath
io.netty:netty-handler:4.1.63.Final=compileClasspath,runtimeClasspath,testCompileClasspath,testRuntimeClasspath
io.netty:netty-resolver:4.1.63.Final=compileClasspath,runtimeClasspath,testCompileClasspath,testRuntimeClasspath
io.netty:netty-transport-native-epoll:4.1.63.Final=compileClasspath,runtimeClasspath,testCompileClasspath,testRuntimeClasspath
io.netty:netty-transport-native-kqueue:4.1.63.Final=compileClasspath,runtimeClasspath,testCompileClasspath,testRuntimeClasspath
io.netty:netty-transport-native-unix-common:4.1.63.Final=compileClasspath,runtimeClasspath,testCompileClasspath,testRuntimeClasspath
io.netty:netty-transport:4.1.63.Final=compileClasspath,runtimeClasspath,testCompileClasspath,testRuntimeClasspath
javax.annotation:jsr250-api:1.0=kapt,kaptTest
javax.inject:javax.inject:1=compileClasspath,kapt,kaptTest,runtimeClasspath,testCompileClasspath,testRuntimeClasspath
junit:junit:4.13.2=testCompileClasspath,testRuntimeClasspath
net.bytebuddy:byte-buddy-agent:1.10.5=testCompileClasspath,testRuntimeClasspath
net.bytebuddy:byte-buddy:1.10.5=testCompileClasspath,testRuntimeClasspath
net.java.dev.jna:jna-platform:5.5.0=testRuntimeClasspath
net.java.dev.jna:jna:5.5.0=testRuntimeClasspath
net.ltgt.gradle.incap:incap:0.2=kapt,kaptTest
org.apache.commons:commons-lang3:3.8=compileClasspath,runtimeClasspath,testCompileClasspath,testRuntimeClasspath
org.apache.logging.log4j:log4j-api:2.14.1=runtimeClasspath,testRuntimeClasspath
org.apache.logging.log4j:log4j-core:2.14.1=runtimeClasspath,testRuntimeClasspath
org.apache.logging.log4j:log4j-slf4j-impl:2.14.1=runtimeClasspath,testRuntimeClasspath
org.apiguardian:apiguardian-api:1.1.0=testCompileClasspath,testRuntimeClasspath
org.checkerframework:checker-compat-qual:2.5.3=kapt,kaptTest
org.checkerframework:checker-qual:2.5.2=kapt,kaptTest
org.codehaus.mojo:animal-sniffer-annotations:1.17=kapt,kaptTest
org.eclipse.jetty.alpn:alpn-api:1.1.3.v20160715=compileClasspath,runtimeClasspath,testCompileClasspath,testRuntimeClasspath
org.eclipse.jetty.http2:http2-client:9.4.42.v20210604=testCompileClasspath,testRuntimeClasspath
org.eclipse.jetty.http2:http2-common:9.4.42.v20210604=testCompileClasspath,testRuntimeClasspath
org.eclipse.jetty.http2:http2-hpack:9.4.42.v20210604=testCompileClasspath,testRuntimeClasspath
org.eclipse.jetty.http2:http2-http-client-transport:9.4.42.v20210604=testCompileClasspath,testRuntimeClasspath
org.eclipse.jetty:jetty-alpn-client:9.4.42.v20210604=testCompileClasspath,testRuntimeClasspath
org.eclipse.jetty:jetty-alpn-java-client:9.4.42.v20210604=testCompileClasspath,testRuntimeClasspath
org.eclipse.jetty:jetty-alpn-openjdk8-client:9.4.42.v20210604=testCompileClasspath,testRuntimeClasspath
org.eclipse.jetty:jetty-client:9.4.42.v20210604=testCompileClasspath,testRuntimeClasspath
org.eclipse.jetty:jetty-http:9.4.42.v20210604=testCompileClasspath,testRuntimeClasspath
org.eclipse.jetty:jetty-io:9.4.42.v20210604=testCompileClasspath,testRuntimeClasspath
org.eclipse.jetty:jetty-util:9.4.42.v20210604=testCompileClasspath,testRuntimeClasspath
org.hamcrest:hamcrest-core:2.2=testCompileClasspath,testRuntimeClasspath
org.hamcrest:hamcrest:2.2=testCompileClasspath,testRuntimeClasspath
org.jetbrains.kotlin:kotlin-reflect:1.5.30=compileClasspath,testCompileClasspath
org.jetbrains.kotlin:kotlin-reflect:1.6.20=runtimeClasspath,testRuntimeClasspath
org.jetbrains.kotlin:kotlin-stdlib-common:1.5.0=kapt,kaptTest
org.jetbrains.kotlin:kotlin-stdlib-common:1.6.20=compileClasspath,runtimeClasspath,testCompileClasspath,testRuntimeClasspath
org.jetbrains.kotlin:kotlin-stdlib-jdk7:1.6.20=compileClasspath,runtimeClasspath,testCompileClasspath,testRuntimeClasspath
org.jetbrains.kotlin:kotlin-stdlib-jdk8:1.6.20=compileClasspath,runtimeClasspath,testCompileClasspath,testRuntimeClasspath
org.jetbrains.kotlin:kotlin-stdlib:1.5.0=kapt,kaptTest
org.jetbrains.kotlin:kotlin-stdlib:1.6.20=compileClasspath,runtimeClasspath,testCompileClasspath,testRuntimeClasspath
org.jetbrains.kotlinx:kotlinx-coroutines-core-jvm:1.5.0-native-mt=compileClasspath,runtimeClasspath,testCompileClasspath,testRuntimeClasspath
org.jetbrains.kotlinx:kotlinx-coroutines-core:1.5.0-native-mt=compileClasspath,runtimeClasspath,testCompileClasspath,testRuntimeClasspath
org.jetbrains.kotlinx:kotlinx-coroutines-debug:1.5.0-native-mt=testRuntimeClasspath
org.jetbrains.kotlinx:kotlinx-coroutines-jdk8:1.5.0-native-mt=compileClasspath,runtimeClasspath,testCompileClasspath,testRuntimeClasspath
org.jetbrains.kotlinx:kotlinx-html-jvm:0.7.3=compileClasspath,runtimeClasspath,testCompileClasspath,testRuntimeClasspath
org.jetbrains.kotlinx:kotlinx-metadata-jvm:0.3.0=kapt,kaptTest
org.jetbrains:annotations:13.0=compileClasspath,kapt,kaptTest,runtimeClasspath,testCompileClasspath,testRuntimeClasspath
org.junit.jupiter:junit-jupiter-api:5.7.2=testCompileClasspath,testRuntimeClasspath
org.junit.jupiter:junit-jupiter-engine:5.7.2=testRuntimeClasspath
org.junit.platform:junit-platform-commons:1.7.2=testCompileClasspath,testRuntimeClasspath
org.junit.platform:junit-platform-engine:1.7.2=testRuntimeClasspath
org.junit.platform:junit-platform-launcher:1.7.2=testRuntimeClasspath
org.junit:junit-bom:5.7.2=testCompileClasspath,testRuntimeClasspath
org.mockito:mockito-core:3.2.4=testCompileClasspath,testRuntimeClasspath
org.mockito:mockito-inline:3.2.4=testCompileClasspath,testRuntimeClasspath
org.neo4j.driver:neo4j-java-driver:4.2.4=runtimeClasspath,testRuntimeClasspath
org.neo4j:neo4j-ogm-api:3.2.25=compileClasspath,runtimeClasspath,testCompileClasspath,testRuntimeClasspath
org.neo4j:neo4j-ogm-bolt-driver:3.2.25=runtimeClasspath,testRuntimeClasspath
org.neo4j:neo4j-ogm-bolt-native-types:3.2.25=runtimeClasspath,testRuntimeClasspath
org.neo4j:neo4j-ogm-core:3.2.25=compileClasspath,runtimeClasspath,testCompileClasspath,testRuntimeClasspath
org.objenesis:objenesis:2.6=testCompileClasspath,testRuntimeClasspath
org.opentest4j:opentest4j:1.2.0=testCompileClasspath,testRuntimeClasspath
org.reactivestreams:reactive-streams:1.0.3=runtimeClasspath,testRuntimeClasspath
org.skyscreamer:jsonassert:1.5.0=testCompileClasspath,testRuntimeClasspath
org.slf4j:jul-to-slf4j:1.7.31=testRuntimeClasspath
org.slf4j:slf4j-api:1.7.31=compileClasspath,runtimeClasspath,testCompileClasspath,testRuntimeClasspath
empty=
