# This is a Gradle generated file for dependency locking.
# Manual edits can break the build and are not advised.
# This file is expected to be part of source control.
com.fasterxml.jackson.core:jackson-annotations:2.13.3=compileClasspath,runtimeClasspath,testCompileClasspath,testRuntimeClasspath
com.fasterxml.jackson.core:jackson-core:2.13.3=compileClasspath,runtimeClasspath,testCompileClasspath,testRuntimeClasspath
com.fasterxml.jackson.core:jackson-databind:2.13.3=compileClasspath,runtimeClasspath,testCompileClasspath,testRuntimeClasspath
com.fasterxml.jackson.dataformat:jackson-dataformat-xml:2.13.3=compileClasspath,runtimeClasspath,testCompileClasspath,testRuntimeClasspath
com.fasterxml.jackson.datatype:jackson-datatype-jsr310:2.13.3=compileClasspath,runtimeClasspath,testCompileClasspath,testRuntimeClasspath
com.fasterxml.jackson.module:jackson-module-kotlin:2.13.3=compileClasspath,runtimeClasspath,testCompileClasspath,testRuntimeClasspath
com.fasterxml.jackson:jackson-bom:2.13.3=compileClasspath,runtimeClasspath,testCompileClasspath,testRuntimeClasspath
com.fasterxml.woodstox:woodstox-core:6.2.7=compileClasspath,runtimeClasspath,testCompileClasspath,testRuntimeClasspath
com.flextrade.jfixture:jfixture:2.7.2=testCompileClasspath,testRuntimeClasspath
com.google.code.findbugs:jsr305:3.0.2=kapt,kaptTest
com.google.dagger:dagger-compiler:2.42=kapt,kaptTest
com.google.dagger:dagger-producers:2.42=kapt,kaptTest
com.google.dagger:dagger-spi:2.42=kapt,kaptTest
com.google.dagger:dagger:2.42=compileClasspath,kapt,kaptTest,runtimeClasspath,testCompileClasspath,testRuntimeClasspath
com.google.devtools.ksp:symbol-processing-api:1.5.30-1.0.0=kapt,kaptTest
com.google.errorprone:error_prone_annotations:2.7.1=kapt,kaptTest
com.google.errorprone:javac-shaded:9-dev-r4023-3=kapt,kaptTest
com.google.googlejavaformat:google-java-format:1.5=kapt,kaptTest
com.google.guava:failureaccess:1.0.1=kapt,kaptTest
com.google.guava:guava:31.0.1-jre=kapt,kaptTest
com.google.guava:listenablefuture:9999.0-empty-to-avoid-conflict-with-guava=kapt,kaptTest
com.google.j2objc:j2objc-annotations:1.3=kapt,kaptTest
com.squareup.okhttp3:okhttp:4.9.3=testRuntimeClasspath
com.squareup.okio:okio:2.8.0=testRuntimeClasspath
com.squareup:javapoet:1.13.0=kapt,kaptTest
io.ktor:ktor-client-content-negotiation-jvm:2.0.3=compileClasspath,runtimeClasspath,testCompileClasspath,testRuntimeClasspath
io.ktor:ktor-client-content-negotiation:2.0.3=compileClasspath,runtimeClasspath,testCompileClasspath,testRuntimeClasspath
io.ktor:ktor-client-core-jvm:2.0.3=compileClasspath,runtimeClasspath,testCompileClasspath,testRuntimeClasspath
io.ktor:ktor-client-core:2.0.3=compileClasspath,runtimeClasspath,testCompileClasspath,testRuntimeClasspath
io.ktor:ktor-client-logging-jvm:2.0.3=testCompileClasspath,testRuntimeClasspath
io.ktor:ktor-client-logging:2.0.3=testCompileClasspath,testRuntimeClasspath
io.ktor:ktor-client-mock-jvm:2.0.3=testCompileClasspath,testRuntimeClasspath
io.ktor:ktor-client-mock:2.0.3=testCompileClasspath,testRuntimeClasspath
io.ktor:ktor-client-okhttp-jvm:2.0.3=testRuntimeClasspath
io.ktor:ktor-client-okhttp:2.0.3=testRuntimeClasspath
io.ktor:ktor-events-jvm:2.0.3=compileClasspath,runtimeClasspath,testCompileClasspath,testRuntimeClasspath
io.ktor:ktor-events:2.0.3=compileClasspath,runtimeClasspath,testCompileClasspath,testRuntimeClasspath
io.ktor:ktor-http-jvm:2.0.3=compileClasspath,runtimeClasspath,testCompileClasspath,testRuntimeClasspath
io.ktor:ktor-http:2.0.3=compileClasspath,runtimeClasspath,testCompileClasspath,testRuntimeClasspath
io.ktor:ktor-io-jvm:2.0.3=compileClasspath,runtimeClasspath,testCompileClasspath,testRuntimeClasspath
io.ktor:ktor-io:2.0.3=compileClasspath,runtimeClasspath,testCompileClasspath,testRuntimeClasspath
io.ktor:ktor-serialization-jackson-jvm:2.0.3=compileClasspath,runtimeClasspath,testCompileClasspath,testRuntimeClasspath
io.ktor:ktor-serialization-jackson:2.0.3=compileClasspath,runtimeClasspath,testCompileClasspath,testRuntimeClasspath
io.ktor:ktor-serialization-jvm:2.0.3=compileClasspath,runtimeClasspath,testCompileClasspath,testRuntimeClasspath
io.ktor:ktor-serialization:2.0.3=compileClasspath,runtimeClasspath,testCompileClasspath,testRuntimeClasspath
io.ktor:ktor-utils-jvm:2.0.3=compileClasspath,runtimeClasspath,testCompileClasspath,testRuntimeClasspath
io.ktor:ktor-utils:2.0.3=compileClasspath,runtimeClasspath,testCompileClasspath,testRuntimeClasspath
io.ktor:ktor-websocket-serialization-jvm:2.0.3=compileClasspath,runtimeClasspath,testCompileClasspath,testRuntimeClasspath
io.ktor:ktor-websocket-serialization:2.0.3=compileClasspath,runtimeClasspath,testCompileClasspath,testRuntimeClasspath
io.ktor:ktor-websockets-jvm:2.0.3=compileClasspath,runtimeClasspath,testCompileClasspath,testRuntimeClasspath
io.ktor:ktor-websockets:2.0.3=compileClasspath,runtimeClasspath,testCompileClasspath,testRuntimeClasspath
javax.inject:javax.inject:1=compileClasspath,kapt,kaptTest,runtimeClasspath,testCompileClasspath,testRuntimeClasspath
net.ltgt.gradle.incap:incap:0.2=kapt,kaptTest
org.apache.logging.log4j:log4j-api:2.18.0=testRuntimeClasspath
org.apache.logging.log4j:log4j-core:2.18.0=testRuntimeClasspath
org.apache.logging.log4j:log4j-slf4j-impl:2.18.0=testRuntimeClasspath
org.apiguardian:apiguardian-api:1.1.2=testCompileClasspath
org.checkerframework:checker-compat-qual:2.5.5=kapt,kaptTest
org.checkerframework:checker-qual:3.12.0=kapt,kaptTest
org.codehaus.woodstox:stax2-api:4.2.1=compileClasspath,runtimeClasspath,testCompileClasspath,testRuntimeClasspath
org.hamcrest:hamcrest-core:2.2=testCompileClasspath,testRuntimeClasspath
org.hamcrest:hamcrest:2.2=testCompileClasspath,testRuntimeClasspath
org.jetbrains.kotlin:kotlin-bom:1.6.21=compileClasspath,runtimeClasspath,testCompileClasspath,testRuntimeClasspath
org.jetbrains.kotlin:kotlin-reflect:1.6.21=compileClasspath,runtimeClasspath,testCompileClasspath,testRuntimeClasspath
org.jetbrains.kotlin:kotlin-stdlib-common:1.6.10=kapt,kaptTest
org.jetbrains.kotlin:kotlin-stdlib-common:1.6.21=compileClasspath,runtimeClasspath,testCompileClasspath,testRuntimeClasspath
org.jetbrains.kotlin:kotlin-stdlib-jdk7:1.5.32=kapt,kaptTest
org.jetbrains.kotlin:kotlin-stdlib-jdk7:1.6.21=compileClasspath,runtimeClasspath,testCompileClasspath,testRuntimeClasspath
org.jetbrains.kotlin:kotlin-stdlib-jdk8:1.5.32=kapt,kaptTest
org.jetbrains.kotlin:kotlin-stdlib-jdk8:1.6.21=compileClasspath,runtimeClasspath,testCompileClasspath,testRuntimeClasspath
org.jetbrains.kotlin:kotlin-stdlib:1.6.10=kapt,kaptTest
org.jetbrains.kotlin:kotlin-stdlib:1.6.21=compileClasspath,runtimeClasspath,testCompileClasspath,testRuntimeClasspath
org.jetbrains.kotlinx:kotlinx-coroutines-bom:1.6.2=compileClasspath,runtimeClasspath,testCompileClasspath,testRuntimeClasspath
org.jetbrains.kotlinx:kotlinx-coroutines-core-jvm:1.6.2=compileClasspath,runtimeClasspath,testCompileClasspath,testRuntimeClasspath
org.jetbrains.kotlinx:kotlinx-coroutines-core:1.6.2=compileClasspath,runtimeClasspath,testCompileClasspath,testRuntimeClasspath
org.jetbrains.kotlinx:kotlinx-coroutines-jdk8:1.6.2=compileClasspath,runtimeClasspath,testCompileClasspath,testRuntimeClasspath
org.jetbrains.kotlinx:kotlinx-coroutines-slf4j:1.6.2=runtimeClasspath,testRuntimeClasspath
org.jetbrains.kotlinx:kotlinx-metadata-jvm:0.4.2=kapt,kaptTest
org.jetbrains:annotations:13.0=compileClasspath,kapt,kaptTest,runtimeClasspath,testCompileClasspath,testRuntimeClasspath
org.junit.jupiter:junit-jupiter-api:5.8.2=testCompileClasspath,testRuntimeClasspath
org.junit.jupiter:junit-jupiter-engine:5.8.2=testRuntimeClasspath
org.junit.jupiter:junit-jupiter-params:5.8.2=testCompileClasspath,testRuntimeClasspath
org.junit.platform:junit-platform-commons:1.8.2=testCompileClasspath,testRuntimeClasspath
org.junit.platform:junit-platform-engine:1.8.2=testRuntimeClasspath
org.junit.platform:junit-platform-launcher:1.8.2=testRuntimeClasspath
org.junit:junit-bom:5.8.2=testCompileClasspath,testRuntimeClasspath
org.opentest4j:opentest4j:1.2.0=testCompileClasspath,testRuntimeClasspath
org.slf4j:jul-to-slf4j:1.7.36=testRuntimeClasspath
org.slf4j:slf4j-api:1.7.36=compileClasspath,runtimeClasspath,testCompileClasspath,testRuntimeClasspath
empty=
