# This is a Gradle generated file for dependency locking.
# Manual edits can break the build and are not advised.
# This file is expected to be part of source control.
com.fasterxml.jackson.core:jackson-annotations:2.11.3=compileClasspath
com.fasterxml.jackson.core:jackson-core:2.11.3=compileClasspath
com.fasterxml.jackson.core:jackson-databind:2.11.3=compileClasspath
com.fasterxml.jackson.jaxrs:jackson-jaxrs-base:2.11.3=compileClasspath
com.fasterxml.jackson.jaxrs:jackson-jaxrs-json-provider:2.11.3=compileClasspath
com.fasterxml.jackson.module:jackson-module-jaxb-annotations:2.11.3=compileClasspath
com.flextrade.jfixture:jfixture:2.7.2=compileClasspath
com.github.ben-manes.caffeine:caffeine:2.8.5=compileClasspath
com.github.jbellis:jamm:0.3.3=compileClasspath
com.github.luben:zstd-jni:1.4.5-6=compileClasspath
com.profesorfalken:WMI4Java:1.6.3=compileClasspath
com.profesorfalken:jPowerShell:3.0=compileClasspath
com.sun.istack:istack-commons-runtime:3.0.8=compileClasspath
com.sun.xml.fastinfoset:FastInfoset:1.2.16=compileClasspath
com.typesafe:config:1.4.1=compileClasspath
commons-beanutils:commons-beanutils:1.9.4=compileClasspath
commons-codec:commons-codec:1.14=compileClasspath
commons-collections:commons-collections:3.2.2=compileClasspath
commons-io:commons-io:2.7=compileClasspath
commons-logging:commons-logging:1.2=compileClasspath
info.picocli:picocli:4.5.0=compileClasspath
io.ktor:ktor-client-cio-jvm:2.0.3=compileClasspath
io.ktor:ktor-client-cio:2.0.3=compileClasspath
io.ktor:ktor-client-core-jvm:2.0.3=compileClasspath
io.ktor:ktor-client-core:2.0.3=compileClasspath
io.ktor:ktor-client-jetty-jvm:2.0.3=compileClasspath
io.ktor:ktor-client-jetty:2.0.3=compileClasspath
io.ktor:ktor-client-mock-jvm:2.0.3=compileClasspath
io.ktor:ktor-client-mock:2.0.3=compileClasspath
io.ktor:ktor-events-jvm:2.0.3=compileClasspath
io.ktor:ktor-events:2.0.3=compileClasspath
io.ktor:ktor-http-cio-jvm:2.0.3=compileClasspath
io.ktor:ktor-http-cio:2.0.3=compileClasspath
io.ktor:ktor-http-jvm:2.0.3=compileClasspath
io.ktor:ktor-http:2.0.3=compileClasspath
io.ktor:ktor-io-jvm:2.0.3=compileClasspath
io.ktor:ktor-io:2.0.3=compileClasspath
io.ktor:ktor-network-jvm:2.0.3=compileClasspath
io.ktor:ktor-network-tls-certificates-jvm:2.0.3=compileClasspath
io.ktor:ktor-network-tls-certificates:2.0.3=compileClasspath
io.ktor:ktor-network-tls-jvm:2.0.3=compileClasspath
io.ktor:ktor-network-tls:2.0.3=compileClasspath
io.ktor:ktor-network:2.0.3=compileClasspath
io.ktor:ktor-serialization-jvm:2.0.3=compileClasspath
io.ktor:ktor-serialization:2.0.3=compileClasspath
io.ktor:ktor-server-auto-head-response-jvm:2.0.3=compileClasspath
io.ktor:ktor-server-auto-head-response:2.0.3=compileClasspath
io.ktor:ktor-server-caching-headers-jvm:2.0.3=compileClasspath
io.ktor:ktor-server-caching-headers:2.0.3=compileClasspath
io.ktor:ktor-server-call-id-jvm:2.0.3=compileClasspath
io.ktor:ktor-server-call-id:2.0.3=compileClasspath
io.ktor:ktor-server-call-logging-jvm:2.0.3=compileClasspath
io.ktor:ktor-server-call-logging:2.0.3=compileClasspath
io.ktor:ktor-server-compression-jvm:2.0.3=compileClasspath
io.ktor:ktor-server-compression:2.0.3=compileClasspath
io.ktor:ktor-server-conditional-headers-jvm:2.0.3=compileClasspath
io.ktor:ktor-server-conditional-headers:2.0.3=compileClasspath
io.ktor:ktor-server-content-negotiation-jvm:2.0.3=compileClasspath
io.ktor:ktor-server-content-negotiation:2.0.3=compileClasspath
io.ktor:ktor-server-core-jvm:2.0.3=compileClasspath
io.ktor:ktor-server-core:2.0.3=compileClasspath
io.ktor:ktor-server-cors-jvm:2.0.3=compileClasspath
io.ktor:ktor-server-cors:2.0.3=compileClasspath
io.ktor:ktor-server-data-conversion-jvm:2.0.3=compileClasspath
io.ktor:ktor-server-data-conversion:2.0.3=compileClasspath
io.ktor:ktor-server-default-headers-jvm:2.0.3=compileClasspath
io.ktor:ktor-server-default-headers:2.0.3=compileClasspath
io.ktor:ktor-server-double-receive-jvm:2.0.3=compileClasspath
io.ktor:ktor-server-double-receive:2.0.3=compileClasspath
io.ktor:ktor-server-forwarded-header-jvm:2.0.3=compileClasspath
io.ktor:ktor-server-forwarded-header:2.0.3=compileClasspath
io.ktor:ktor-server-host-common-jvm:2.0.3=compileClasspath
io.ktor:ktor-server-host-common:2.0.3=compileClasspath
io.ktor:ktor-server-hsts-jvm:2.0.3=compileClasspath
io.ktor:ktor-server-hsts:2.0.3=compileClasspath
io.ktor:ktor-server-http-redirect-jvm:2.0.3=compileClasspath
io.ktor:ktor-server-http-redirect:2.0.3=compileClasspath
io.ktor:ktor-server-jvm:2.0.3=compileClasspath
io.ktor:ktor-server-method-override-jvm:2.0.3=compileClasspath
io.ktor:ktor-server-method-override:2.0.3=compileClasspath
io.ktor:ktor-server-partial-content-jvm:2.0.3=compileClasspath
io.ktor:ktor-server-partial-content:2.0.3=compileClasspath
io.ktor:ktor-server-sessions-jvm:2.0.3=compileClasspath
io.ktor:ktor-server-sessions:2.0.3=compileClasspath
io.ktor:ktor-server-status-pages-jvm:2.0.3=compileClasspath
io.ktor:ktor-server-status-pages:2.0.3=compileClasspath
io.ktor:ktor-server-test-host-jvm:2.0.3=compileClasspath
io.ktor:ktor-server-test-host:2.0.3=compileClasspath
io.ktor:ktor-server-tests-jvm:2.0.3=compileClasspath
io.ktor:ktor-server-tests:2.0.3=compileClasspath
io.ktor:ktor-server-websockets-jvm:2.0.3=compileClasspath
io.ktor:ktor-server-websockets:2.0.3=compileClasspath
io.ktor:ktor-server:2.0.3=compileClasspath
io.ktor:ktor-test-dispatcher-jvm:2.0.3=compileClasspath
io.ktor:ktor-test-dispatcher:2.0.3=compileClasspath
io.ktor:ktor-utils-jvm:2.0.3=compileClasspath
io.ktor:ktor-utils:2.0.3=compileClasspath
io.ktor:ktor-websocket-serialization-jvm:2.0.3=compileClasspath
io.ktor:ktor-websocket-serialization:2.0.3=compileClasspath
io.ktor:ktor-websockets-jvm:2.0.3=compileClasspath
io.ktor:ktor-websockets:2.0.3=compileClasspath
io.netty:netty-all:4.1.55.Final=compileClasspath
io.projectreactor:reactor-core:3.3.9.RELEASE=compileClasspath
jakarta.activation:jakarta.activation-api:1.2.1=compileClasspath
jakarta.annotation:jakarta.annotation-api:1.3.5=compileClasspath
jakarta.validation:jakarta.validation-api:2.0.2=compileClasspath
jakarta.ws.rs:jakarta.ws.rs-api:2.1.6=compileClasspath
javax.activation:activation:1.1.1=compileClasspath
javax.servlet:javax.servlet-api:3.1.0=compileClasspath
javax.ws.rs:javax.ws.rs-api:2.1.1=compileClasspath
javax.xml.bind:jaxb-api:2.3.0=compileClasspath
junit:junit:4.13.2=compileClasspath
net.bytebuddy:byte-buddy-agent:1.12.10=compileClasspath
net.bytebuddy:byte-buddy:1.12.10=compileClasspath
net.java.dev.jna:jna:5.6.0=compileClasspath
org.apache.commons:commons-compress:1.20=compileClasspath
org.apache.commons:commons-exec:1.3=compileClasspath
org.apache.commons:commons-lang3:3.11=compileClasspath
org.apache.commons:commons-text:1.9=compileClasspath
org.apache.logging.log4j:log4j-api:2.18.0=testRuntimeClasspath
org.apache.logging.log4j:log4j-core:2.18.0=testRuntimeClasspath
org.apache.logging.log4j:log4j-slf4j-impl:2.18.0=testRuntimeClasspath
org.apache.lucene:lucene-analyzers-common:8.5.1=compileClasspath
org.apache.lucene:lucene-backward-codecs:8.5.1=compileClasspath
org.apache.lucene:lucene-core:8.5.1=compileClasspath
org.apache.lucene:lucene-queryparser:8.5.1=compileClasspath
org.apache.shiro:shiro-cache:1.7.1=compileClasspath
org.apache.shiro:shiro-config-core:1.7.1=compileClasspath
org.apache.shiro:shiro-config-ogdl:1.7.1=compileClasspath
org.apache.shiro:shiro-core:1.7.1=compileClasspath
org.apache.shiro:shiro-crypto-cipher:1.7.1=compileClasspath
org.apache.shiro:shiro-crypto-core:1.7.1=compileClasspath
org.apache.shiro:shiro-crypto-hash:1.7.1=compileClasspath
org.apache.shiro:shiro-event:1.7.1=compileClasspath
org.apache.shiro:shiro-lang:1.7.1=compileClasspath
org.apiguardian:apiguardian-api:1.1.2=compileClasspath,testCompileClasspath
org.assertj:assertj-core:3.16.1=compileClasspath
org.awaitility:awaitility:4.0.3=compileClasspath
org.bouncycastle:bcpkix-jdk15on:1.68=compileClasspath
org.bouncycastle:bcprov-jdk15on:1.68=compileClasspath
org.codehaus.jettison:jettison:1.4.1=compileClasspath
org.eclipse.collections:eclipse-collections-api:10.3.0=compileClasspath
org.eclipse.collections:eclipse-collections:10.3.0=compileClasspath
org.eclipse.jetty.http2:http2-client:9.4.45.v20220203=compileClasspath
org.eclipse.jetty.http2:http2-common:9.4.45.v20220203=compileClasspath
org.eclipse.jetty.http2:http2-hpack:9.4.45.v20220203=compileClasspath
org.eclipse.jetty.http2:http2-http-client-transport:9.4.45.v20220203=compileClasspath
org.eclipse.jetty:jetty-alpn-client:9.4.45.v20220203=compileClasspath
org.eclipse.jetty:jetty-alpn-java-client:9.4.45.v20220203=compileClasspath
org.eclipse.jetty:jetty-alpn-openjdk8-client:9.4.45.v20220203=compileClasspath
org.eclipse.jetty:jetty-client:9.4.45.v20220203=compileClasspath
org.eclipse.jetty:jetty-http:9.4.45.v20220203=compileClasspath
org.eclipse.jetty:jetty-io:9.4.45.v20220203=compileClasspath
org.eclipse.jetty:jetty-security:9.4.38.v20210224=compileClasspath
org.eclipse.jetty:jetty-server:9.4.38.v20210224=compileClasspath
org.eclipse.jetty:jetty-servlet:9.4.38.v20210224=compileClasspath
org.eclipse.jetty:jetty-util-ajax:9.4.38.v20210224=compileClasspath
org.eclipse.jetty:jetty-util:9.4.45.v20220203=compileClasspath
org.eclipse.jetty:jetty-webapp:9.4.38.v20210224=compileClasspath
org.eclipse.jetty:jetty-xml:9.4.38.v20210224=compileClasspath
org.glassfish.hk2.external:jakarta.inject:2.6.1=compileClasspath
org.glassfish.hk2:hk2-api:2.6.1=compileClasspath
org.glassfish.hk2:hk2-locator:2.6.1=compileClasspath
org.glassfish.hk2:hk2-utils:2.6.1=compileClasspath
org.glassfish.hk2:osgi-resource-locator:1.0.3=compileClasspath
org.glassfish.jaxb:jaxb-runtime:2.3.2=compileClasspath
org.glassfish.jaxb:txw2:2.3.2=compileClasspath
org.glassfish.jersey.containers:jersey-container-servlet-core:2.32=compileClasspath
org.glassfish.jersey.containers:jersey-container-servlet:2.32=compileClasspath
org.glassfish.jersey.core:jersey-client:2.32=compileClasspath
org.glassfish.jersey.core:jersey-common:2.32=compileClasspath
org.glassfish.jersey.core:jersey-server:2.32=compileClasspath
org.glassfish.jersey.inject:jersey-hk2:2.32=compileClasspath
org.glassfish.jersey.media:jersey-media-jaxb:2.32=compileClasspath
org.hamcrest:hamcrest-core:2.2=compileClasspath,testCompileClasspath,testRuntimeClasspath
org.hamcrest:hamcrest:2.2=compileClasspath,testCompileClasspath,testRuntimeClasspath
org.javassist:javassist:3.25.0-GA=compileClasspath
org.jctools:jctools-core:3.1.0=compileClasspath
org.jetbrains.kotlin:kotlin-bom:1.6.21=compileClasspath,runtimeClasspath,testCompileClasspath,testRuntimeClasspath
org.jetbrains.kotlin:kotlin-reflect:1.6.21=compileClasspath
org.jetbrains.kotlin:kotlin-stdlib-common:1.6.21=compileClasspath,runtimeClasspath,testCompileClasspath,testRuntimeClasspath
org.jetbrains.kotlin:kotlin-stdlib-jdk7:1.6.21=compileClasspath,runtimeClasspath,testCompileClasspath,testRuntimeClasspath
org.jetbrains.kotlin:kotlin-stdlib-jdk8:1.6.21=compileClasspath,runtimeClasspath,testCompileClasspath,testRuntimeClasspath
org.jetbrains.kotlin:kotlin-stdlib:1.6.21=compileClasspath,runtimeClasspath,testCompileClasspath,testRuntimeClasspath
org.jetbrains.kotlinx:kotlinx-coroutines-bom:1.6.2=compileClasspath
org.jetbrains.kotlinx:kotlinx-coroutines-core-jvm:1.6.2=compileClasspath
org.jetbrains.kotlinx:kotlinx-coroutines-core:1.6.2=compileClasspath
org.jetbrains.kotlinx:kotlinx-coroutines-jdk8:1.6.2=compileClasspath
org.jetbrains:annotations:13.0=compileClasspath,runtimeClasspath,testCompileClasspath,testRuntimeClasspath
org.jprocesses:jProcesses:1.6.5=compileClasspath
org.junit.jupiter:junit-jupiter-api:5.8.2=compileClasspath,testCompileClasspath,testRuntimeClasspath
org.junit.jupiter:junit-jupiter-engine:5.8.2=testRuntimeClasspath
org.junit.jupiter:junit-jupiter-params:5.8.2=compileClasspath,testCompileClasspath,testRuntimeClasspath
org.junit.jupiter:junit-jupiter:5.8.2=compileClasspath
org.junit.platform:junit-platform-commons:1.8.2=compileClasspath,testCompileClasspath,testRuntimeClasspath
org.junit.platform:junit-platform-engine:1.8.2=compileClasspath,testRuntimeClasspath
org.junit.platform:junit-platform-launcher:1.8.2=compileClasspath,testRuntimeClasspath
org.junit.vintage:junit-vintage-engine:5.8.2=compileClasspath
org.junit:junit-bom:5.8.2=compileClasspath,testCompileClasspath,testRuntimeClasspath
org.jvnet.staxex:stax-ex:1.8.1=compileClasspath
org.mockito.kotlin:mockito-kotlin:4.0.0=compileClasspath
org.mockito:mockito-core:4.6.1=compileClasspath
org.neo4j.app:neo4j-server:4.2.4=compileClasspath
org.neo4j.licensing-proxy:zstd-proxy:4.2.4=compileClasspath
org.neo4j.test:neo4j-harness:4.2.4=compileClasspath
org.neo4j:annotations:4.2.4=compileClasspath
org.neo4j:cypher-ast-factory:4.2.4=compileClasspath
org.neo4j:io-test-utils:4.2.4=compileClasspath
org.neo4j:neo4j-ast:4.2.4=compileClasspath
org.neo4j:neo4j-batch-insert:4.2.4=compileClasspath
org.neo4j:neo4j-bolt:4.2.4=compileClasspath
org.neo4j:neo4j-codegen:4.2.4=compileClasspath
org.neo4j:neo4j-collections:4.2.4=compileClasspath
org.neo4j:neo4j-command-line:4.2.4=compileClasspath
org.neo4j:neo4j-common:4.2.4=compileClasspath
org.neo4j:neo4j-concurrent:4.2.4=compileClasspath
org.neo4j:neo4j-configuration:4.2.4=compileClasspath
org.neo4j:neo4j-consistency-check:4.2.4=compileClasspath
org.neo4j:neo4j-csv:4.2.4=compileClasspath
org.neo4j:neo4j-cypher-ast-factory:4.2.4=compileClasspath
org.neo4j:neo4j-cypher-expression-evaluator:4.2.4=compileClasspath
org.neo4j:neo4j-cypher-interpreted-runtime:4.2.4=compileClasspath
org.neo4j:neo4j-cypher-ir:4.2.4=compileClasspath
org.neo4j:neo4j-cypher-javacc-parser:4.2.4=compileClasspath
org.neo4j:neo4j-cypher-logical-plans:4.2.4=compileClasspath
org.neo4j:neo4j-cypher-macros:4.2.4=compileClasspath
org.neo4j:neo4j-cypher-planner-spi:4.2.4=compileClasspath
org.neo4j:neo4j-cypher-planner:4.2.4=compileClasspath
org.neo4j:neo4j-cypher-runtime-util:4.2.4=compileClasspath
org.neo4j:neo4j-cypher:4.2.4=compileClasspath
org.neo4j:neo4j-data-collector:4.2.4=compileClasspath
org.neo4j:neo4j-dbms:4.2.4=compileClasspath
org.neo4j:neo4j-diagnostics:4.2.4=compileClasspath
org.neo4j:neo4j-exceptions:4.2.4=compileClasspath
org.neo4j:neo4j-expressions:4.2.4=compileClasspath
org.neo4j:neo4j-fabric:4.2.4=compileClasspath
org.neo4j:neo4j-front-end:4.2.4=compileClasspath
org.neo4j:neo4j-fulltext-index:4.2.4=compileClasspath
org.neo4j:neo4j-graph-algo:4.2.4=compileClasspath
org.neo4j:neo4j-graphdb-api:4.2.4=compileClasspath
org.neo4j:neo4j-id-generator:4.2.4=compileClasspath
org.neo4j:neo4j-import-tool:4.2.4=compileClasspath
org.neo4j:neo4j-import-util:4.2.4=compileClasspath
org.neo4j:neo4j-index:4.2.4=compileClasspath
org.neo4j:neo4j-io:4.2.4=compileClasspath
org.neo4j:neo4j-kernel-api:4.2.4=compileClasspath
org.neo4j:neo4j-kernel:4.2.4=compileClasspath
org.neo4j:neo4j-label-index:4.2.4=compileClasspath
org.neo4j:neo4j-layout:4.2.4=compileClasspath
org.neo4j:neo4j-lock:4.2.4=compileClasspath
org.neo4j:neo4j-logging:4.2.4=compileClasspath
org.neo4j:neo4j-lucene-index:4.2.4=compileClasspath
org.neo4j:neo4j-monitoring:4.2.4=compileClasspath
org.neo4j:neo4j-native:4.2.4=compileClasspath
org.neo4j:neo4j-parser:4.2.4=compileClasspath
org.neo4j:neo4j-procedure-api:4.2.4=compileClasspath
org.neo4j:neo4j-procedure:4.2.4=compileClasspath
org.neo4j:neo4j-record-storage-engine:4.2.4=compileClasspath
org.neo4j:neo4j-resource:4.2.4=compileClasspath
org.neo4j:neo4j-rewriting:4.2.4=compileClasspath
org.neo4j:neo4j-schema:4.2.4=compileClasspath
org.neo4j:neo4j-security:4.2.4=compileClasspath
org.neo4j:neo4j-spatial-index:4.2.4=compileClasspath
org.neo4j:neo4j-ssl:4.2.4=compileClasspath
org.neo4j:neo4j-storage-engine-api:4.2.4=compileClasspath
org.neo4j:neo4j-token-api:4.2.4=compileClasspath
org.neo4j:neo4j-unsafe:4.2.4=compileClasspath
org.neo4j:neo4j-util:4.2.4=compileClasspath
org.neo4j:neo4j-values:4.2.4=compileClasspath
org.neo4j:neo4j-wal:4.2.4=compileClasspath
org.neo4j:neo4j:4.2.4=compileClasspath
org.neo4j:server-api:4.2.4=compileClasspath
org.neo4j:test-utils:4.2.4=compileClasspath
org.opentest4j:opentest4j:1.2.0=compileClasspath,testCompileClasspath,testRuntimeClasspath
org.ow2.asm:asm-analysis:8.0.1=compileClasspath
org.ow2.asm:asm-tree:8.0.1=compileClasspath
org.ow2.asm:asm-util:8.0.1=compileClasspath
org.ow2.asm:asm:8.0.1=compileClasspath
org.parboiled:parboiled-core:1.2.0=compileClasspath
org.parboiled:parboiled-scala_2.12:1.2.0=compileClasspath
org.reactivestreams:reactive-streams:1.0.3=compileClasspath
org.scala-lang:scala-library:2.12.10=compileClasspath
org.scala-lang:scala-reflect:2.12.10=compileClasspath
org.slf4j:jul-to-slf4j:1.7.36=runtimeClasspath,testRuntimeClasspath
org.slf4j:slf4j-api:1.7.36=compileClasspath,runtimeClasspath,testRuntimeClasspath
org.slf4j:slf4j-nop:1.7.30=compileClasspath
empty=
